// !$*UTF8*$!
{
	archiveVersion = 1;
	classes = {
	};
	objectVersion = 50;
	objects = {

/* Begin PBXBuildFile section */
		543098E622E9211F007F75AD /* CustomLabel.swift in Sources */ = {isa = PBXBuildFile; fileRef = 543098E522E9211F007F75AD /* CustomLabel.swift */; };
		543098E922E925AB007F75AD /* Wida Round Light Demo.otf in Resources */ = {isa = PBXBuildFile; fileRef = 543098E822E92296007F75AD /* Wida Round Light Demo.otf */; };
		54A2758E22E9D6F900D09117 /* CustomButton.swift in Sources */ = {isa = PBXBuildFile; fileRef = 54A2758C22E9D6F900D09117 /* CustomButton.swift */; };
		54A2758F22E9D6F900D09117 /* CustomView.swift in Sources */ = {isa = PBXBuildFile; fileRef = 54A2758D22E9D6F900D09117 /* CustomView.swift */; };
		54A2759122E9DB1400D09117 /* Constant.swift in Sources */ = {isa = PBXBuildFile; fileRef = 54A2759022E9DB1400D09117 /* Constant.swift */; };
		54A2759322E9DBA500D09117 /* LoginVC.swift in Sources */ = {isa = PBXBuildFile; fileRef = 54A2759222E9DBA500D09117 /* LoginVC.swift */; };
		54A2759522E9DC9200D09117 /* CustomString.swift in Sources */ = {isa = PBXBuildFile; fileRef = 54A2759422E9DC9200D09117 /* CustomString.swift */; };
		54A275A622E9EAF400D09117 /* SignUpVC.swift in Sources */ = {isa = PBXBuildFile; fileRef = 54A275A222E9EAF400D09117 /* SignUpVC.swift */; };
		54A275A722E9EAF400D09117 /* UploadPhotoVC.swift in Sources */ = {isa = PBXBuildFile; fileRef = 54A275A322E9EAF400D09117 /* UploadPhotoVC.swift */; };
		54A275A822E9EAF400D09117 /* ProfileVC.swift in Sources */ = {isa = PBXBuildFile; fileRef = 54A275A422E9EAF400D09117 /* ProfileVC.swift */; };
		54A275A922E9EAF400D09117 /* HomeVC.swift in Sources */ = {isa = PBXBuildFile; fileRef = 54A275A522E9EAF400D09117 /* HomeVC.swift */; };
		54A275AC22E9EB7700D09117 /* PhotoCustomCell.swift in Sources */ = {isa = PBXBuildFile; fileRef = 54A275AA22E9EB7700D09117 /* PhotoCustomCell.swift */; };
		54A275AD22E9EB7700D09117 /* PhotoCustomCell.xib in Resources */ = {isa = PBXBuildFile; fileRef = 54A275AB22E9EB7700D09117 /* PhotoCustomCell.xib */; };
		54A275AF22EA2FED00D09117 /* ImageView+Category.swift in Sources */ = {isa = PBXBuildFile; fileRef = 54A275AE22EA2FED00D09117 /* ImageView+Category.swift */; };
		54A275B322EA309A00D09117 /* Image.swift in Sources */ = {isa = PBXBuildFile; fileRef = 54A275B222EA309A00D09117 /* Image.swift */; };
		54A275B522EA30B000D09117 /* User.swift in Sources */ = {isa = PBXBuildFile; fileRef = 54A275B422EA30B000D09117 /* User.swift */; };
		54A275B722EA47D800D09117 /* ViewController+Category.swift in Sources */ = {isa = PBXBuildFile; fileRef = 54A275B622EA47D800D09117 /* ViewController+Category.swift */; };
		54A275B922EB1B1000D09117 /* AuthenticationViewModel.swift in Sources */ = {isa = PBXBuildFile; fileRef = 54A275B822EB1B1000D09117 /* AuthenticationViewModel.swift */; };
		54A275BB22EB1B2000D09117 /* ViewModel.swift in Sources */ = {isa = PBXBuildFile; fileRef = 54A275BA22EB1B2000D09117 /* ViewModel.swift */; };
		54A275BF22EB34A900D09117 /* ImagesViewModel.swift in Sources */ = {isa = PBXBuildFile; fileRef = 54A275BE22EB34A900D09117 /* ImagesViewModel.swift */; };
		54A275C122EB398900D09117 /* ImagePrivacy.swift in Sources */ = {isa = PBXBuildFile; fileRef = 54A275C022EB398900D09117 /* ImagePrivacy.swift */; };
		54A275C322EB450800D09117 /* CodableHandler.swift in Sources */ = {isa = PBXBuildFile; fileRef = 54A275C222EB450800D09117 /* CodableHandler.swift */; };
		54A275C522EB47AB00D09117 /* ParseToJson.swift in Sources */ = {isa = PBXBuildFile; fileRef = 54A275C422EB47AA00D09117 /* ParseToJson.swift */; };
		54A275D322EDC18C00D09117 /* LoginViewTest.swift in Sources */ = {isa = PBXBuildFile; fileRef = 54A275D222EDC18C00D09117 /* LoginViewTest.swift */; };
		54A275D722EDD33700D09117 /* ImageViewModelTesting.swift in Sources */ = {isa = PBXBuildFile; fileRef = 54A275D622EDD33700D09117 /* ImageViewModelTesting.swift */; };
		54A275DA22EDE16F00D09117 /* GTMSessionFetcher.framework in Frameworks */ = {isa = PBXBuildFile; fileRef = 54A275D922EDE16F00D09117 /* GTMSessionFetcher.framework */; };
		54A275DC22EDE1A200D09117 /* GTMSessionFetcher.framework in Frameworks */ = {isa = PBXBuildFile; fileRef = 54A275DB22EDE1A200D09117 /* GTMSessionFetcher.framework */; };
		54A275DE22EDE44200D09117 /* GoogleUtilities.framework in Frameworks */ = {isa = PBXBuildFile; fileRef = 54A275DD22EDE44200D09117 /* GoogleUtilities.framework */; };
		54A275E022EDE44200D09117 /* GoogleUtilities.framework in Frameworks */ = {isa = PBXBuildFile; fileRef = 54A275DF22EDE44200D09117 /* GoogleUtilities.framework */; };
		54A275E222EDE52100D09117 /* IQKeyboardManagerSwift.framework in Frameworks */ = {isa = PBXBuildFile; fileRef = 54A275E122EDE52100D09117 /* IQKeyboardManagerSwift.framework */; };
		54A275E422EDE52100D09117 /* Kingfisher.framework in Frameworks */ = {isa = PBXBuildFile; fileRef = 54A275E322EDE52100D09117 /* Kingfisher.framework */; };
		54A275E622EDE52100D09117 /* NVActivityIndicatorView.framework in Frameworks */ = {isa = PBXBuildFile; fileRef = 54A275E522EDE52100D09117 /* NVActivityIndicatorView.framework */; };
		54A275E822EDE6C300D09117 /* LoginTest.swift in Sources */ = {isa = PBXBuildFile; fileRef = 54A275E722EDE6C300D09117 /* LoginTest.swift */; };
		54F0FA5A22E8FCDD0065D99B /* AppDelegate.swift in Sources */ = {isa = PBXBuildFile; fileRef = 54F0FA5922E8FCDD0065D99B /* AppDelegate.swift */; };
		54F0FA5F22E8FCDD0065D99B /* Main.storyboard in Resources */ = {isa = PBXBuildFile; fileRef = 54F0FA5D22E8FCDD0065D99B /* Main.storyboard */; };
		54F0FA6122E8FCDF0065D99B /* Assets.xcassets in Resources */ = {isa = PBXBuildFile; fileRef = 54F0FA6022E8FCDF0065D99B /* Assets.xcassets */; };
		54F0FA6422E8FCDF0065D99B /* LaunchScreen.storyboard in Resources */ = {isa = PBXBuildFile; fileRef = 54F0FA6222E8FCDF0065D99B /* LaunchScreen.storyboard */; };
		54F0FA6F22E8FCDF0065D99B /* PhotoTests.swift in Sources */ = {isa = PBXBuildFile; fileRef = 54F0FA6E22E8FCDF0065D99B /* PhotoTests.swift */; };
		54F0FA7A22E8FCDF0065D99B /* PhotoUITests.swift in Sources */ = {isa = PBXBuildFile; fileRef = 54F0FA7922E8FCDF0065D99B /* PhotoUITests.swift */; };
		54F0FA8822E8FD280065D99B /* GoogleService-Info.plist in Resources */ = {isa = PBXBuildFile; fileRef = 54F0FA8722E8FD270065D99B /* GoogleService-Info.plist */; };
		7529FCFD9170AB5A57C35A9E /* Pods_PhotoTests.framework in Frameworks */ = {isa = PBXBuildFile; fileRef = E19914C72D23C18268F68465 /* Pods_PhotoTests.framework */; };
		7BA16082EC1DD9E662F689D4 /* Pods_Photo.framework in Frameworks */ = {isa = PBXBuildFile; fileRef = FEF2F682893ACBA2FAB05C3B /* Pods_Photo.framework */; };
		FA0D60633B1C6F7DC3509CFB /* Pods_PhotoUITests.framework in Frameworks */ = {isa = PBXBuildFile; fileRef = E9BE52479A25E776314822D1 /* Pods_PhotoUITests.framework */; };
/* End PBXBuildFile section */

/* Begin PBXContainerItemProxy section */
		54F0FA6B22E8FCDF0065D99B /* PBXContainerItemProxy */ = {
			isa = PBXContainerItemProxy;
			containerPortal = 54F0FA4E22E8FCDD0065D99B /* Project object */;
			proxyType = 1;
			remoteGlobalIDString = 54F0FA5522E8FCDD0065D99B;
			remoteInfo = Photo;
		};
		54F0FA7622E8FCDF0065D99B /* PBXContainerItemProxy */ = {
			isa = PBXContainerItemProxy;
			containerPortal = 54F0FA4E22E8FCDD0065D99B /* Project object */;
			proxyType = 1;
			remoteGlobalIDString = 54F0FA5522E8FCDD0065D99B;
			remoteInfo = Photo;
		};
/* End PBXContainerItemProxy section */

/* Begin PBXFileReference section */
		1A5CA768D1689F9163AC884C /* Pods-PhotoTests.debug.xcconfig */ = {isa = PBXFileReference; includeInIndex = 1; lastKnownFileType = text.xcconfig; name = "Pods-PhotoTests.debug.xcconfig"; path = "Target Support Files/Pods-PhotoTests/Pods-PhotoTests.debug.xcconfig"; sourceTree = "<group>"; };
		543098E522E9211F007F75AD /* CustomLabel.swift */ = {isa = PBXFileReference; lastKnownFileType = sourcecode.swift; path = CustomLabel.swift; sourceTree = "<group>"; };
		543098E822E92296007F75AD /* Wida Round Light Demo.otf */ = {isa = PBXFileReference; lastKnownFileType = file; path = "Wida Round Light Demo.otf"; sourceTree = "<group>"; };
		54A2758C22E9D6F900D09117 /* CustomButton.swift */ = {isa = PBXFileReference; fileEncoding = 4; lastKnownFileType = sourcecode.swift; path = CustomButton.swift; sourceTree = "<group>"; };
		54A2758D22E9D6F900D09117 /* CustomView.swift */ = {isa = PBXFileReference; fileEncoding = 4; lastKnownFileType = sourcecode.swift; path = CustomView.swift; sourceTree = "<group>"; };
		54A2759022E9DB1400D09117 /* Constant.swift */ = {isa = PBXFileReference; lastKnownFileType = sourcecode.swift; path = Constant.swift; sourceTree = "<group>"; };
		54A2759222E9DBA500D09117 /* LoginVC.swift */ = {isa = PBXFileReference; lastKnownFileType = sourcecode.swift; path = LoginVC.swift; sourceTree = "<group>"; };
		54A2759422E9DC9200D09117 /* CustomString.swift */ = {isa = PBXFileReference; fileEncoding = 4; lastKnownFileType = sourcecode.swift; path = CustomString.swift; sourceTree = "<group>"; };
		54A275A222E9EAF400D09117 /* SignUpVC.swift */ = {isa = PBXFileReference; fileEncoding = 4; lastKnownFileType = sourcecode.swift; path = SignUpVC.swift; sourceTree = "<group>"; };
		54A275A322E9EAF400D09117 /* UploadPhotoVC.swift */ = {isa = PBXFileReference; fileEncoding = 4; lastKnownFileType = sourcecode.swift; path = UploadPhotoVC.swift; sourceTree = "<group>"; };
		54A275A422E9EAF400D09117 /* ProfileVC.swift */ = {isa = PBXFileReference; fileEncoding = 4; lastKnownFileType = sourcecode.swift; path = ProfileVC.swift; sourceTree = "<group>"; };
		54A275A522E9EAF400D09117 /* HomeVC.swift */ = {isa = PBXFileReference; fileEncoding = 4; lastKnownFileType = sourcecode.swift; path = HomeVC.swift; sourceTree = "<group>"; };
		54A275AA22E9EB7700D09117 /* PhotoCustomCell.swift */ = {isa = PBXFileReference; fileEncoding = 4; lastKnownFileType = sourcecode.swift; path = PhotoCustomCell.swift; sourceTree = "<group>"; };
		54A275AB22E9EB7700D09117 /* PhotoCustomCell.xib */ = {isa = PBXFileReference; fileEncoding = 4; lastKnownFileType = file.xib; path = PhotoCustomCell.xib; sourceTree = "<group>"; };
		54A275AE22EA2FED00D09117 /* ImageView+Category.swift */ = {isa = PBXFileReference; fileEncoding = 4; lastKnownFileType = sourcecode.swift; path = "ImageView+Category.swift"; sourceTree = "<group>"; };
		54A275B222EA309A00D09117 /* Image.swift */ = {isa = PBXFileReference; lastKnownFileType = sourcecode.swift; path = Image.swift; sourceTree = "<group>"; };
		54A275B422EA30B000D09117 /* User.swift */ = {isa = PBXFileReference; fileEncoding = 4; lastKnownFileType = sourcecode.swift; path = User.swift; sourceTree = "<group>"; };
		54A275B622EA47D800D09117 /* ViewController+Category.swift */ = {isa = PBXFileReference; lastKnownFileType = sourcecode.swift; path = "ViewController+Category.swift"; sourceTree = "<group>"; };
		54A275B822EB1B1000D09117 /* AuthenticationViewModel.swift */ = {isa = PBXFileReference; lastKnownFileType = sourcecode.swift; path = AuthenticationViewModel.swift; sourceTree = "<group>"; };
		54A275BA22EB1B2000D09117 /* ViewModel.swift */ = {isa = PBXFileReference; lastKnownFileType = sourcecode.swift; path = ViewModel.swift; sourceTree = "<group>"; };
		54A275BE22EB34A900D09117 /* ImagesViewModel.swift */ = {isa = PBXFileReference; lastKnownFileType = sourcecode.swift; path = ImagesViewModel.swift; sourceTree = "<group>"; };
		54A275C022EB398900D09117 /* ImagePrivacy.swift */ = {isa = PBXFileReference; lastKnownFileType = sourcecode.swift; path = ImagePrivacy.swift; sourceTree = "<group>"; };
		54A275C222EB450800D09117 /* CodableHandler.swift */ = {isa = PBXFileReference; fileEncoding = 4; lastKnownFileType = sourcecode.swift; path = CodableHandler.swift; sourceTree = "<group>"; };
		54A275C422EB47AA00D09117 /* ParseToJson.swift */ = {isa = PBXFileReference; fileEncoding = 4; lastKnownFileType = sourcecode.swift; path = ParseToJson.swift; sourceTree = "<group>"; };
		54A275C822EDB7FB00D09117 /* FirebaseAuth.framework */ = {isa = PBXFileReference; explicitFileType = wrapper.framework; path = FirebaseAuth.framework; sourceTree = BUILT_PRODUCTS_DIR; };
		54A275CA22EDB7FB00D09117 /* FirebaseCore.framework */ = {isa = PBXFileReference; explicitFileType = wrapper.framework; path = FirebaseCore.framework; sourceTree = BUILT_PRODUCTS_DIR; };
		54A275CC22EDB7FB00D09117 /* FirebaseFirestore.framework */ = {isa = PBXFileReference; explicitFileType = wrapper.framework; path = FirebaseFirestore.framework; sourceTree = BUILT_PRODUCTS_DIR; };
		54A275CE22EDB7FB00D09117 /* FirebaseInstanceID.framework */ = {isa = PBXFileReference; explicitFileType = wrapper.framework; path = FirebaseInstanceID.framework; sourceTree = BUILT_PRODUCTS_DIR; };
		54A275D022EDB7FB00D09117 /* FirebaseStorage.framework */ = {isa = PBXFileReference; explicitFileType = wrapper.framework; path = FirebaseStorage.framework; sourceTree = BUILT_PRODUCTS_DIR; };
		54A275D222EDC18C00D09117 /* LoginViewTest.swift */ = {isa = PBXFileReference; lastKnownFileType = sourcecode.swift; path = LoginViewTest.swift; sourceTree = "<group>"; };
		54A275D622EDD33700D09117 /* ImageViewModelTesting.swift */ = {isa = PBXFileReference; lastKnownFileType = sourcecode.swift; path = ImageViewModelTesting.swift; sourceTree = "<group>"; };
		54A275D922EDE16F00D09117 /* GTMSessionFetcher.framework */ = {isa = PBXFileReference; explicitFileType = wrapper.framework; path = GTMSessionFetcher.framework; sourceTree = BUILT_PRODUCTS_DIR; };
		54A275DB22EDE1A200D09117 /* GTMSessionFetcher.framework */ = {isa = PBXFileReference; explicitFileType = wrapper.framework; path = GTMSessionFetcher.framework; sourceTree = BUILT_PRODUCTS_DIR; };
		54A275DD22EDE44200D09117 /* GoogleUtilities.framework */ = {isa = PBXFileReference; explicitFileType = wrapper.framework; path = GoogleUtilities.framework; sourceTree = BUILT_PRODUCTS_DIR; };
		54A275DF22EDE44200D09117 /* GoogleUtilities.framework */ = {isa = PBXFileReference; explicitFileType = wrapper.framework; path = GoogleUtilities.framework; sourceTree = BUILT_PRODUCTS_DIR; };
		54A275E122EDE52100D09117 /* IQKeyboardManagerSwift.framework */ = {isa = PBXFileReference; explicitFileType = wrapper.framework; path = IQKeyboardManagerSwift.framework; sourceTree = BUILT_PRODUCTS_DIR; };
		54A275E322EDE52100D09117 /* Kingfisher.framework */ = {isa = PBXFileReference; explicitFileType = wrapper.framework; path = Kingfisher.framework; sourceTree = BUILT_PRODUCTS_DIR; };
		54A275E522EDE52100D09117 /* NVActivityIndicatorView.framework */ = {isa = PBXFileReference; explicitFileType = wrapper.framework; path = NVActivityIndicatorView.framework; sourceTree = BUILT_PRODUCTS_DIR; };
		54A275E722EDE6C300D09117 /* LoginTest.swift */ = {isa = PBXFileReference; lastKnownFileType = sourcecode.swift; path = LoginTest.swift; sourceTree = "<group>"; };
		54F0FA5622E8FCDD0065D99B /* Photo.app */ = {isa = PBXFileReference; explicitFileType = wrapper.application; includeInIndex = 0; path = Photo.app; sourceTree = BUILT_PRODUCTS_DIR; };
		54F0FA5922E8FCDD0065D99B /* AppDelegate.swift */ = {isa = PBXFileReference; lastKnownFileType = sourcecode.swift; name = AppDelegate.swift; path = ../AppDelegate.swift; sourceTree = "<group>"; };
		54F0FA5E22E8FCDD0065D99B /* Base */ = {isa = PBXFileReference; lastKnownFileType = file.storyboard; name = Base; path = Base.lproj/Main.storyboard; sourceTree = "<group>"; };
		54F0FA6022E8FCDF0065D99B /* Assets.xcassets */ = {isa = PBXFileReference; lastKnownFileType = folder.assetcatalog; path = Assets.xcassets; sourceTree = "<group>"; };
		54F0FA6322E8FCDF0065D99B /* Base */ = {isa = PBXFileReference; lastKnownFileType = file.storyboard; name = Base; path = Base.lproj/LaunchScreen.storyboard; sourceTree = "<group>"; };
		54F0FA6522E8FCDF0065D99B /* Info.plist */ = {isa = PBXFileReference; lastKnownFileType = text.plist.xml; path = Info.plist; sourceTree = "<group>"; };
		54F0FA6A22E8FCDF0065D99B /* PhotoTests.xctest */ = {isa = PBXFileReference; explicitFileType = wrapper.cfbundle; includeInIndex = 0; path = PhotoTests.xctest; sourceTree = BUILT_PRODUCTS_DIR; };
		54F0FA6E22E8FCDF0065D99B /* PhotoTests.swift */ = {isa = PBXFileReference; lastKnownFileType = sourcecode.swift; path = PhotoTests.swift; sourceTree = "<group>"; };
		54F0FA7022E8FCDF0065D99B /* Info.plist */ = {isa = PBXFileReference; lastKnownFileType = text.plist.xml; path = Info.plist; sourceTree = "<group>"; };
		54F0FA7522E8FCDF0065D99B /* PhotoUITests.xctest */ = {isa = PBXFileReference; explicitFileType = wrapper.cfbundle; includeInIndex = 0; path = PhotoUITests.xctest; sourceTree = BUILT_PRODUCTS_DIR; };
		54F0FA7922E8FCDF0065D99B /* PhotoUITests.swift */ = {isa = PBXFileReference; lastKnownFileType = sourcecode.swift; path = PhotoUITests.swift; sourceTree = "<group>"; };
		54F0FA7B22E8FCDF0065D99B /* Info.plist */ = {isa = PBXFileReference; lastKnownFileType = text.plist.xml; path = Info.plist; sourceTree = "<group>"; };
		54F0FA8722E8FD270065D99B /* GoogleService-Info.plist */ = {isa = PBXFileReference; fileEncoding = 4; lastKnownFileType = text.plist.xml; path = "GoogleService-Info.plist"; sourceTree = "<group>"; };
		64AC08EFEEA85A1244A03679 /* Pods-PhotoUITests.release.xcconfig */ = {isa = PBXFileReference; includeInIndex = 1; lastKnownFileType = text.xcconfig; name = "Pods-PhotoUITests.release.xcconfig"; path = "Target Support Files/Pods-PhotoUITests/Pods-PhotoUITests.release.xcconfig"; sourceTree = "<group>"; };
		69CF7016D35EA9B4094F1898 /* Pods-Photo.release.xcconfig */ = {isa = PBXFileReference; includeInIndex = 1; lastKnownFileType = text.xcconfig; name = "Pods-Photo.release.xcconfig"; path = "Target Support Files/Pods-Photo/Pods-Photo.release.xcconfig"; sourceTree = "<group>"; };
		8159A17A022E7467C6191EEA /* Pods-PhotoUITests.debug.xcconfig */ = {isa = PBXFileReference; includeInIndex = 1; lastKnownFileType = text.xcconfig; name = "Pods-PhotoUITests.debug.xcconfig"; path = "Target Support Files/Pods-PhotoUITests/Pods-PhotoUITests.debug.xcconfig"; sourceTree = "<group>"; };
		B35FCAA925D38B808EC18BD1 /* Pods-Photo.debug.xcconfig */ = {isa = PBXFileReference; includeInIndex = 1; lastKnownFileType = text.xcconfig; name = "Pods-Photo.debug.xcconfig"; path = "Target Support Files/Pods-Photo/Pods-Photo.debug.xcconfig"; sourceTree = "<group>"; };
		C2AF2F78170EAE547BBE1047 /* Pods-PhotoTests.release.xcconfig */ = {isa = PBXFileReference; includeInIndex = 1; lastKnownFileType = text.xcconfig; name = "Pods-PhotoTests.release.xcconfig"; path = "Target Support Files/Pods-PhotoTests/Pods-PhotoTests.release.xcconfig"; sourceTree = "<group>"; };
		E19914C72D23C18268F68465 /* Pods_PhotoTests.framework */ = {isa = PBXFileReference; explicitFileType = wrapper.framework; includeInIndex = 0; path = Pods_PhotoTests.framework; sourceTree = BUILT_PRODUCTS_DIR; };
		E9BE52479A25E776314822D1 /* Pods_PhotoUITests.framework */ = {isa = PBXFileReference; explicitFileType = wrapper.framework; includeInIndex = 0; path = Pods_PhotoUITests.framework; sourceTree = BUILT_PRODUCTS_DIR; };
		FEF2F682893ACBA2FAB05C3B /* Pods_Photo.framework */ = {isa = PBXFileReference; explicitFileType = wrapper.framework; includeInIndex = 0; path = Pods_Photo.framework; sourceTree = BUILT_PRODUCTS_DIR; };
/* End PBXFileReference section */

/* Begin PBXFrameworksBuildPhase section */
		54F0FA5322E8FCDD0065D99B /* Frameworks */ = {
			isa = PBXFrameworksBuildPhase;
			buildActionMask = 2147483647;
			files = (
				54A275DA22EDE16F00D09117 /* GTMSessionFetcher.framework in Frameworks */,
				7BA16082EC1DD9E662F689D4 /* Pods_Photo.framework in Frameworks */,
			);
			runOnlyForDeploymentPostprocessing = 0;
		};
		54F0FA6722E8FCDF0065D99B /* Frameworks */ = {
			isa = PBXFrameworksBuildPhase;
			buildActionMask = 2147483647;
			files = (
				7529FCFD9170AB5A57C35A9E /* Pods_PhotoTests.framework in Frameworks */,
			);
			runOnlyForDeploymentPostprocessing = 0;
		};
		54F0FA7222E8FCDF0065D99B /* Frameworks */ = {
			isa = PBXFrameworksBuildPhase;
			buildActionMask = 2147483647;
			files = (
				54A275E222EDE52100D09117 /* IQKeyboardManagerSwift.framework in Frameworks */,
				54A275E422EDE52100D09117 /* Kingfisher.framework in Frameworks */,
				54A275E622EDE52100D09117 /* NVActivityIndicatorView.framework in Frameworks */,
				54A275DE22EDE44200D09117 /* GoogleUtilities.framework in Frameworks */,
				54A275E022EDE44200D09117 /* GoogleUtilities.framework in Frameworks */,
				54A275DC22EDE1A200D09117 /* GTMSessionFetcher.framework in Frameworks */,
				FA0D60633B1C6F7DC3509CFB /* Pods_PhotoUITests.framework in Frameworks */,
			);
			runOnlyForDeploymentPostprocessing = 0;
		};
/* End PBXFrameworksBuildPhase section */

/* Begin PBXGroup section */
		047139216362FF532D88F8B9 /* Pods */ = {
			isa = PBXGroup;
			children = (
				B35FCAA925D38B808EC18BD1 /* Pods-Photo.debug.xcconfig */,
				69CF7016D35EA9B4094F1898 /* Pods-Photo.release.xcconfig */,
				1A5CA768D1689F9163AC884C /* Pods-PhotoTests.debug.xcconfig */,
				C2AF2F78170EAE547BBE1047 /* Pods-PhotoTests.release.xcconfig */,
				8159A17A022E7467C6191EEA /* Pods-PhotoUITests.debug.xcconfig */,
				64AC08EFEEA85A1244A03679 /* Pods-PhotoUITests.release.xcconfig */,
			);
			path = Pods;
			sourceTree = "<group>";
		};
		543098DF22E920E3007F75AD /* ARC */ = {
			isa = PBXGroup;
			children = (
				54F0FA5922E8FCDD0065D99B /* AppDelegate.swift */,
				54A2759022E9DB1400D09117 /* Constant.swift */,
				543098E022E920E3007F75AD /* Utilities */,
				543098E222E920E3007F75AD /* M */,
				543098E122E920E3007F75AD /* VM */,
				543098E322E920E3007F75AD /* V-VC */,
				543098E722E92285007F75AD /* Assets */,
			);
			path = ARC;
			sourceTree = "<group>";
		};
		543098E022E920E3007F75AD /* Utilities */ = {
			isa = PBXGroup;
			children = (
				54A275C422EB47AA00D09117 /* ParseToJson.swift */,
				54A275C222EB450800D09117 /* CodableHandler.swift */,
				543098E522E9211F007F75AD /* CustomLabel.swift */,
				54A2758C22E9D6F900D09117 /* CustomButton.swift */,
				54A2758D22E9D6F900D09117 /* CustomView.swift */,
				54A2759422E9DC9200D09117 /* CustomString.swift */,
				54A275AE22EA2FED00D09117 /* ImageView+Category.swift */,
				54A275B622EA47D800D09117 /* ViewController+Category.swift */,
			);
			path = Utilities;
			sourceTree = "<group>";
		};
		543098E122E920E3007F75AD /* VM */ = {
			isa = PBXGroup;
			children = (
				54A275BA22EB1B2000D09117 /* ViewModel.swift */,
				54A275B822EB1B1000D09117 /* AuthenticationViewModel.swift */,
				54A275BE22EB34A900D09117 /* ImagesViewModel.swift */,
			);
			path = VM;
			sourceTree = "<group>";
		};
		543098E222E920E3007F75AD /* M */ = {
			isa = PBXGroup;
			children = (
				54A275B422EA30B000D09117 /* User.swift */,
				54A275B222EA309A00D09117 /* Image.swift */,
				54A275C022EB398900D09117 /* ImagePrivacy.swift */,
			);
			path = M;
			sourceTree = "<group>";
		};
		543098E322E920E3007F75AD /* V-VC */ = {
			isa = PBXGroup;
			children = (
				54A2759222E9DBA500D09117 /* LoginVC.swift */,
				54A275A222E9EAF400D09117 /* SignUpVC.swift */,
				54A275A522E9EAF400D09117 /* HomeVC.swift */,
				54A275A322E9EAF400D09117 /* UploadPhotoVC.swift */,
				54A275A422E9EAF400D09117 /* ProfileVC.swift */,
				543098E422E920E3007F75AD /* View */,
			);
			path = "V-VC";
			sourceTree = "<group>";
		};
		543098E422E920E3007F75AD /* View */ = {
			isa = PBXGroup;
			children = (
				54A275AA22E9EB7700D09117 /* PhotoCustomCell.swift */,
				54A275AB22E9EB7700D09117 /* PhotoCustomCell.xib */,
			);
			path = View;
			sourceTree = "<group>";
		};
		543098E722E92285007F75AD /* Assets */ = {
			isa = PBXGroup;
			children = (
				543098E822E92296007F75AD /* Wida Round Light Demo.otf */,
				54F0FA6022E8FCDF0065D99B /* Assets.xcassets */,
			);
			path = Assets;
			sourceTree = "<group>";
		};
		54F0FA4D22E8FCDD0065D99B = {
			isa = PBXGroup;
			children = (
				54F0FA5822E8FCDD0065D99B /* Photo */,
				54F0FA6D22E8FCDF0065D99B /* PhotoTests */,
				54F0FA7822E8FCDF0065D99B /* PhotoUITests */,
				54F0FA5722E8FCDD0065D99B /* Products */,
				047139216362FF532D88F8B9 /* Pods */,
				E4A49C03A25457CCCC4F0298 /* Frameworks */,
			);
			sourceTree = "<group>";
		};
		54F0FA5722E8FCDD0065D99B /* Products */ = {
			isa = PBXGroup;
			children = (
				54F0FA5622E8FCDD0065D99B /* Photo.app */,
				54F0FA6A22E8FCDF0065D99B /* PhotoTests.xctest */,
				54F0FA7522E8FCDF0065D99B /* PhotoUITests.xctest */,
			);
			name = Products;
			sourceTree = "<group>";
		};
		54F0FA5822E8FCDD0065D99B /* Photo */ = {
			isa = PBXGroup;
			children = (
				54F0FA8722E8FD270065D99B /* GoogleService-Info.plist */,
				543098DF22E920E3007F75AD /* ARC */,
				54F0FA5D22E8FCDD0065D99B /* Main.storyboard */,
				54F0FA6222E8FCDF0065D99B /* LaunchScreen.storyboard */,
				54F0FA6522E8FCDF0065D99B /* Info.plist */,
			);
			path = Photo;
			sourceTree = "<group>";
		};
		54F0FA6D22E8FCDF0065D99B /* PhotoTests */ = {
			isa = PBXGroup;
			children = (
				54F0FA7022E8FCDF0065D99B /* Info.plist */,
				54F0FA6E22E8FCDF0065D99B /* PhotoTests.swift */,
				54A275D222EDC18C00D09117 /* LoginViewTest.swift */,
				54A275D622EDD33700D09117 /* ImageViewModelTesting.swift */,
			);
			path = PhotoTests;
			sourceTree = "<group>";
		};
		54F0FA7822E8FCDF0065D99B /* PhotoUITests */ = {
			isa = PBXGroup;
			children = (
				54F0FA7922E8FCDF0065D99B /* PhotoUITests.swift */,
				54A275E722EDE6C300D09117 /* LoginTest.swift */,
				54F0FA7B22E8FCDF0065D99B /* Info.plist */,
			);
			path = PhotoUITests;
			sourceTree = "<group>";
		};
		E4A49C03A25457CCCC4F0298 /* Frameworks */ = {
			isa = PBXGroup;
			children = (
				54A275E122EDE52100D09117 /* IQKeyboardManagerSwift.framework */,
				54A275E322EDE52100D09117 /* Kingfisher.framework */,
				54A275E522EDE52100D09117 /* NVActivityIndicatorView.framework */,
				54A275DD22EDE44200D09117 /* GoogleUtilities.framework */,
				54A275DF22EDE44200D09117 /* GoogleUtilities.framework */,
				54A275DB22EDE1A200D09117 /* GTMSessionFetcher.framework */,
				54A275D922EDE16F00D09117 /* GTMSessionFetcher.framework */,
				54A275C822EDB7FB00D09117 /* FirebaseAuth.framework */,
				54A275CA22EDB7FB00D09117 /* FirebaseCore.framework */,
				54A275CC22EDB7FB00D09117 /* FirebaseFirestore.framework */,
				54A275CE22EDB7FB00D09117 /* FirebaseInstanceID.framework */,
				54A275D022EDB7FB00D09117 /* FirebaseStorage.framework */,
				FEF2F682893ACBA2FAB05C3B /* Pods_Photo.framework */,
				E19914C72D23C18268F68465 /* Pods_PhotoTests.framework */,
				E9BE52479A25E776314822D1 /* Pods_PhotoUITests.framework */,
			);
			name = Frameworks;
			sourceTree = "<group>";
		};
/* End PBXGroup section */

/* Begin PBXNativeTarget section */
		54F0FA5522E8FCDD0065D99B /* Photo */ = {
			isa = PBXNativeTarget;
			buildConfigurationList = 54F0FA7E22E8FCDF0065D99B /* Build configuration list for PBXNativeTarget "Photo" */;
			buildPhases = (
				E0329F45CE9026B5C085552D /* [CP] Check Pods Manifest.lock */,
				54F0FA5222E8FCDD0065D99B /* Sources */,
				54F0FA5322E8FCDD0065D99B /* Frameworks */,
				54F0FA5422E8FCDD0065D99B /* Resources */,
				F09C456B7A569393195D2495 /* [CP] Embed Pods Frameworks */,
				54A275D822EDE02300D09117 /* ShellScript */,
			);
			buildRules = (
			);
			dependencies = (
			);
			name = Photo;
			productName = Photo;
			productReference = 54F0FA5622E8FCDD0065D99B /* Photo.app */;
			productType = "com.apple.product-type.application";
		};
		54F0FA6922E8FCDF0065D99B /* PhotoTests */ = {
			isa = PBXNativeTarget;
			buildConfigurationList = 54F0FA8122E8FCDF0065D99B /* Build configuration list for PBXNativeTarget "PhotoTests" */;
			buildPhases = (
				0EF7D2D36347B0E18D3149C0 /* [CP] Check Pods Manifest.lock */,
				54F0FA6622E8FCDF0065D99B /* Sources */,
				54F0FA6722E8FCDF0065D99B /* Frameworks */,
				54F0FA6822E8FCDF0065D99B /* Resources */,
				BB330AFEEE75405309572C5F /* [CP] Embed Pods Frameworks */,
			);
			buildRules = (
			);
			dependencies = (
				54F0FA6C22E8FCDF0065D99B /* PBXTargetDependency */,
			);
			name = PhotoTests;
			productName = PhotoTests;
			productReference = 54F0FA6A22E8FCDF0065D99B /* PhotoTests.xctest */;
			productType = "com.apple.product-type.bundle.unit-test";
		};
		54F0FA7422E8FCDF0065D99B /* PhotoUITests */ = {
			isa = PBXNativeTarget;
			buildConfigurationList = 54F0FA8422E8FCDF0065D99B /* Build configuration list for PBXNativeTarget "PhotoUITests" */;
			buildPhases = (
				328E799FBB377EC05FDEF048 /* [CP] Check Pods Manifest.lock */,
				54F0FA7122E8FCDF0065D99B /* Sources */,
				54F0FA7222E8FCDF0065D99B /* Frameworks */,
				54F0FA7322E8FCDF0065D99B /* Resources */,
				44FE54A07AD4131813930DCA /* [CP] Embed Pods Frameworks */,
			);
			buildRules = (
			);
			dependencies = (
				54F0FA7722E8FCDF0065D99B /* PBXTargetDependency */,
			);
			name = PhotoUITests;
			productName = PhotoUITests;
			productReference = 54F0FA7522E8FCDF0065D99B /* PhotoUITests.xctest */;
			productType = "com.apple.product-type.bundle.ui-testing";
		};
/* End PBXNativeTarget section */

/* Begin PBXProject section */
		54F0FA4E22E8FCDD0065D99B /* Project object */ = {
			isa = PBXProject;
			attributes = {
				LastSwiftUpdateCheck = 1020;
				LastUpgradeCheck = 1020;
				ORGANIZATIONNAME = "Yahia El-Dow";
				TargetAttributes = {
					54F0FA5522E8FCDD0065D99B = {
						CreatedOnToolsVersion = 10.2.1;
					};
					54F0FA6922E8FCDF0065D99B = {
						CreatedOnToolsVersion = 10.2.1;
						TestTargetID = 54F0FA5522E8FCDD0065D99B;
					};
					54F0FA7422E8FCDF0065D99B = {
						CreatedOnToolsVersion = 10.2.1;
						TestTargetID = 54F0FA5522E8FCDD0065D99B;
					};
				};
			};
			buildConfigurationList = 54F0FA5122E8FCDD0065D99B /* Build configuration list for PBXProject "Photo" */;
			compatibilityVersion = "Xcode 9.3";
			developmentRegion = en;
			hasScannedForEncodings = 0;
			knownRegions = (
				en,
				Base,
			);
			mainGroup = 54F0FA4D22E8FCDD0065D99B;
			productRefGroup = 54F0FA5722E8FCDD0065D99B /* Products */;
			projectDirPath = "";
			projectRoot = "";
			targets = (
				54F0FA5522E8FCDD0065D99B /* Photo */,
				54F0FA6922E8FCDF0065D99B /* PhotoTests */,
				54F0FA7422E8FCDF0065D99B /* PhotoUITests */,
			);
		};
/* End PBXProject section */

/* Begin PBXResourcesBuildPhase section */
		54F0FA5422E8FCDD0065D99B /* Resources */ = {
			isa = PBXResourcesBuildPhase;
			buildActionMask = 2147483647;
			files = (
				543098E922E925AB007F75AD /* Wida Round Light Demo.otf in Resources */,
				54F0FA6422E8FCDF0065D99B /* LaunchScreen.storyboard in Resources */,
				54F0FA6122E8FCDF0065D99B /* Assets.xcassets in Resources */,
				54A275AD22E9EB7700D09117 /* PhotoCustomCell.xib in Resources */,
				54F0FA8822E8FD280065D99B /* GoogleService-Info.plist in Resources */,
				54F0FA5F22E8FCDD0065D99B /* Main.storyboard in Resources */,
			);
			runOnlyForDeploymentPostprocessing = 0;
		};
		54F0FA6822E8FCDF0065D99B /* Resources */ = {
			isa = PBXResourcesBuildPhase;
			buildActionMask = 2147483647;
			files = (
			);
			runOnlyForDeploymentPostprocessing = 0;
		};
		54F0FA7322E8FCDF0065D99B /* Resources */ = {
			isa = PBXResourcesBuildPhase;
			buildActionMask = 2147483647;
			files = (
			);
			runOnlyForDeploymentPostprocessing = 0;
		};
/* End PBXResourcesBuildPhase section */

/* Begin PBXShellScriptBuildPhase section */
		0EF7D2D36347B0E18D3149C0 /* [CP] Check Pods Manifest.lock */ = {
			isa = PBXShellScriptBuildPhase;
			buildActionMask = 2147483647;
			files = (
			);
			inputFileListPaths = (
			);
			inputPaths = (
				"${PODS_PODFILE_DIR_PATH}/Podfile.lock",
				"${PODS_ROOT}/Manifest.lock",
			);
			name = "[CP] Check Pods Manifest.lock";
			outputFileListPaths = (
			);
			outputPaths = (
				"$(DERIVED_FILE_DIR)/Pods-PhotoTests-checkManifestLockResult.txt",
			);
			runOnlyForDeploymentPostprocessing = 0;
			shellPath = /bin/sh;
			shellScript = "diff \"${PODS_PODFILE_DIR_PATH}/Podfile.lock\" \"${PODS_ROOT}/Manifest.lock\" > /dev/null\nif [ $? != 0 ] ; then\n    # print error to STDERR\n    echo \"error: The sandbox is not in sync with the Podfile.lock. Run 'pod install' or update your CocoaPods installation.\" >&2\n    exit 1\nfi\n# This output is used by Xcode 'outputs' to avoid re-running this script phase.\necho \"SUCCESS\" > \"${SCRIPT_OUTPUT_FILE_0}\"\n";
			showEnvVarsInLog = 0;
		};
		328E799FBB377EC05FDEF048 /* [CP] Check Pods Manifest.lock */ = {
			isa = PBXShellScriptBuildPhase;
			buildActionMask = 2147483647;
			files = (
			);
			inputFileListPaths = (
			);
			inputPaths = (
				"${PODS_PODFILE_DIR_PATH}/Podfile.lock",
				"${PODS_ROOT}/Manifest.lock",
			);
			name = "[CP] Check Pods Manifest.lock";
			outputFileListPaths = (
			);
			outputPaths = (
				"$(DERIVED_FILE_DIR)/Pods-PhotoUITests-checkManifestLockResult.txt",
			);
			runOnlyForDeploymentPostprocessing = 0;
			shellPath = /bin/sh;
			shellScript = "diff \"${PODS_PODFILE_DIR_PATH}/Podfile.lock\" \"${PODS_ROOT}/Manifest.lock\" > /dev/null\nif [ $? != 0 ] ; then\n    # print error to STDERR\n    echo \"error: The sandbox is not in sync with the Podfile.lock. Run 'pod install' or update your CocoaPods installation.\" >&2\n    exit 1\nfi\n# This output is used by Xcode 'outputs' to avoid re-running this script phase.\necho \"SUCCESS\" > \"${SCRIPT_OUTPUT_FILE_0}\"\n";
			showEnvVarsInLog = 0;
		};
		44FE54A07AD4131813930DCA /* [CP] Embed Pods Frameworks */ = {
			isa = PBXShellScriptBuildPhase;
			buildActionMask = 2147483647;
			files = (
			);
			inputFileListPaths = (
			);
			inputPaths = (
				"${PODS_ROOT}/Target Support Files/Pods-PhotoUITests/Pods-PhotoUITests-frameworks.sh",
				"${BUILT_PRODUCTS_DIR}/BoringSSL-GRPC/openssl_grpc.framework",
				"${BUILT_PRODUCTS_DIR}/GTMSessionFetcher.default-Core/GTMSessionFetcher.framework",
				"${BUILT_PRODUCTS_DIR}/GoogleUtilities-Environment-Logger/GoogleUtilities.framework",
				"${BUILT_PRODUCTS_DIR}/IQKeyboardManagerSwift/IQKeyboardManagerSwift.framework",
				"${BUILT_PRODUCTS_DIR}/Kingfisher/Kingfisher.framework",
				"${BUILT_PRODUCTS_DIR}/NVActivityIndicatorView/NVActivityIndicatorView.framework",
				"${BUILT_PRODUCTS_DIR}/Protobuf/Protobuf.framework",
				"${BUILT_PRODUCTS_DIR}/gRPC-C++/grpcpp.framework",
				"${BUILT_PRODUCTS_DIR}/gRPC-Core/grpc.framework",
				"${BUILT_PRODUCTS_DIR}/leveldb-library/leveldb.framework",
				"${BUILT_PRODUCTS_DIR}/nanopb/nanopb.framework",
			);
			name = "[CP] Embed Pods Frameworks";
			outputFileListPaths = (
			);
			outputPaths = (
				"${TARGET_BUILD_DIR}/${FRAMEWORKS_FOLDER_PATH}/openssl_grpc.framework",
				"${TARGET_BUILD_DIR}/${FRAMEWORKS_FOLDER_PATH}/GTMSessionFetcher.framework",
				"${TARGET_BUILD_DIR}/${FRAMEWORKS_FOLDER_PATH}/GoogleUtilities.framework",
				"${TARGET_BUILD_DIR}/${FRAMEWORKS_FOLDER_PATH}/IQKeyboardManagerSwift.framework",
				"${TARGET_BUILD_DIR}/${FRAMEWORKS_FOLDER_PATH}/Kingfisher.framework",
				"${TARGET_BUILD_DIR}/${FRAMEWORKS_FOLDER_PATH}/NVActivityIndicatorView.framework",
				"${TARGET_BUILD_DIR}/${FRAMEWORKS_FOLDER_PATH}/Protobuf.framework",
				"${TARGET_BUILD_DIR}/${FRAMEWORKS_FOLDER_PATH}/grpcpp.framework",
				"${TARGET_BUILD_DIR}/${FRAMEWORKS_FOLDER_PATH}/grpc.framework",
				"${TARGET_BUILD_DIR}/${FRAMEWORKS_FOLDER_PATH}/leveldb.framework",
				"${TARGET_BUILD_DIR}/${FRAMEWORKS_FOLDER_PATH}/nanopb.framework",
			);
			runOnlyForDeploymentPostprocessing = 0;
			shellPath = /bin/sh;
			shellScript = "\"${PODS_ROOT}/Target Support Files/Pods-PhotoUITests/Pods-PhotoUITests-frameworks.sh\"\n";
			showEnvVarsInLog = 0;
		};
		54A275D822EDE02300D09117 /* ShellScript */ = {
			isa = PBXShellScriptBuildPhase;
			buildActionMask = 2147483647;
			files = (
			);
			inputFileListPaths = (
			);
			inputPaths = (
			);
			outputFileListPaths = (
			);
			outputPaths = (
			);
			runOnlyForDeploymentPostprocessing = 0;
			shellPath = /bin/sh;
			shellScript = "# Type a script or drag a script file from your workspace to insert its path.\n";
		};
		BB330AFEEE75405309572C5F /* [CP] Embed Pods Frameworks */ = {
			isa = PBXShellScriptBuildPhase;
			buildActionMask = 2147483647;
			files = (
			);
			inputFileListPaths = (
			);
			inputPaths = (
				"${PODS_ROOT}/Target Support Files/Pods-PhotoTests/Pods-PhotoTests-frameworks.sh",
				"${BUILT_PRODUCTS_DIR}/BoringSSL-GRPC/openssl_grpc.framework",
				"${BUILT_PRODUCTS_DIR}/GoogleUtilities-Environment-Logger/GoogleUtilities.framework",
				"${BUILT_PRODUCTS_DIR}/Protobuf/Protobuf.framework",
				"${BUILT_PRODUCTS_DIR}/gRPC-C++/grpcpp.framework",
				"${BUILT_PRODUCTS_DIR}/gRPC-Core/grpc.framework",
				"${BUILT_PRODUCTS_DIR}/leveldb-library/leveldb.framework",
				"${BUILT_PRODUCTS_DIR}/nanopb/nanopb.framework",
			);
			name = "[CP] Embed Pods Frameworks";
			outputFileListPaths = (
			);
			outputPaths = (
				"${TARGET_BUILD_DIR}/${FRAMEWORKS_FOLDER_PATH}/openssl_grpc.framework",
				"${TARGET_BUILD_DIR}/${FRAMEWORKS_FOLDER_PATH}/GoogleUtilities.framework",
				"${TARGET_BUILD_DIR}/${FRAMEWORKS_FOLDER_PATH}/Protobuf.framework",
				"${TARGET_BUILD_DIR}/${FRAMEWORKS_FOLDER_PATH}/grpcpp.framework",
				"${TARGET_BUILD_DIR}/${FRAMEWORKS_FOLDER_PATH}/grpc.framework",
				"${TARGET_BUILD_DIR}/${FRAMEWORKS_FOLDER_PATH}/leveldb.framework",
				"${TARGET_BUILD_DIR}/${FRAMEWORKS_FOLDER_PATH}/nanopb.framework",
			);
			runOnlyForDeploymentPostprocessing = 0;
			shellPath = /bin/sh;
			shellScript = "\"${PODS_ROOT}/Target Support Files/Pods-PhotoTests/Pods-PhotoTests-frameworks.sh\"\n";
			showEnvVarsInLog = 0;
		};
		E0329F45CE9026B5C085552D /* [CP] Check Pods Manifest.lock */ = {
			isa = PBXShellScriptBuildPhase;
			buildActionMask = 2147483647;
			files = (
			);
			inputFileListPaths = (
			);
			inputPaths = (
				"${PODS_PODFILE_DIR_PATH}/Podfile.lock",
				"${PODS_ROOT}/Manifest.lock",
			);
			name = "[CP] Check Pods Manifest.lock";
			outputFileListPaths = (
			);
			outputPaths = (
				"$(DERIVED_FILE_DIR)/Pods-Photo-checkManifestLockResult.txt",
			);
			runOnlyForDeploymentPostprocessing = 0;
			shellPath = /bin/sh;
			shellScript = "diff \"${PODS_PODFILE_DIR_PATH}/Podfile.lock\" \"${PODS_ROOT}/Manifest.lock\" > /dev/null\nif [ $? != 0 ] ; then\n    # print error to STDERR\n    echo \"error: The sandbox is not in sync with the Podfile.lock. Run 'pod install' or update your CocoaPods installation.\" >&2\n    exit 1\nfi\n# This output is used by Xcode 'outputs' to avoid re-running this script phase.\necho \"SUCCESS\" > \"${SCRIPT_OUTPUT_FILE_0}\"\n";
			showEnvVarsInLog = 0;
		};
		F09C456B7A569393195D2495 /* [CP] Embed Pods Frameworks */ = {
			isa = PBXShellScriptBuildPhase;
			buildActionMask = 2147483647;
			files = (
			);
			inputFileListPaths = (
			);
			inputPaths = (
				"${PODS_ROOT}/Target Support Files/Pods-Photo/Pods-Photo-frameworks.sh",
				"${BUILT_PRODUCTS_DIR}/BoringSSL-GRPC/openssl_grpc.framework",
				"${BUILT_PRODUCTS_DIR}/GTMSessionFetcher-Core/GTMSessionFetcher.framework",
				"${BUILT_PRODUCTS_DIR}/GoogleUtilities-00567490/GoogleUtilities.framework",
				"${BUILT_PRODUCTS_DIR}/IQKeyboardManagerSwift/IQKeyboardManagerSwift.framework",
				"${BUILT_PRODUCTS_DIR}/Kingfisher/Kingfisher.framework",
				"${BUILT_PRODUCTS_DIR}/NVActivityIndicatorView/NVActivityIndicatorView.framework",
				"${BUILT_PRODUCTS_DIR}/Protobuf/Protobuf.framework",
				"${BUILT_PRODUCTS_DIR}/gRPC-C++/grpcpp.framework",
				"${BUILT_PRODUCTS_DIR}/gRPC-Core/grpc.framework",
				"${BUILT_PRODUCTS_DIR}/leveldb-library/leveldb.framework",
				"${BUILT_PRODUCTS_DIR}/nanopb/nanopb.framework",
			);
			name = "[CP] Embed Pods Frameworks";
			outputFileListPaths = (
			);
			outputPaths = (
				"${TARGET_BUILD_DIR}/${FRAMEWORKS_FOLDER_PATH}/openssl_grpc.framework",
				"${TARGET_BUILD_DIR}/${FRAMEWORKS_FOLDER_PATH}/GTMSessionFetcher.framework",
				"${TARGET_BUILD_DIR}/${FRAMEWORKS_FOLDER_PATH}/GoogleUtilities.framework",
				"${TARGET_BUILD_DIR}/${FRAMEWORKS_FOLDER_PATH}/IQKeyboardManagerSwift.framework",
				"${TARGET_BUILD_DIR}/${FRAMEWORKS_FOLDER_PATH}/Kingfisher.framework",
				"${TARGET_BUILD_DIR}/${FRAMEWORKS_FOLDER_PATH}/NVActivityIndicatorView.framework",
				"${TARGET_BUILD_DIR}/${FRAMEWORKS_FOLDER_PATH}/Protobuf.framework",
				"${TARGET_BUILD_DIR}/${FRAMEWORKS_FOLDER_PATH}/grpcpp.framework",
				"${TARGET_BUILD_DIR}/${FRAMEWORKS_FOLDER_PATH}/grpc.framework",
				"${TARGET_BUILD_DIR}/${FRAMEWORKS_FOLDER_PATH}/leveldb.framework",
				"${TARGET_BUILD_DIR}/${FRAMEWORKS_FOLDER_PATH}/nanopb.framework",
			);
			runOnlyForDeploymentPostprocessing = 0;
			shellPath = /bin/sh;
			shellScript = "\"${PODS_ROOT}/Target Support Files/Pods-Photo/Pods-Photo-frameworks.sh\"\n";
			showEnvVarsInLog = 0;
		};
/* End PBXShellScriptBuildPhase section */

/* Begin PBXSourcesBuildPhase section */
		54F0FA5222E8FCDD0065D99B /* Sources */ = {
			isa = PBXSourcesBuildPhase;
			buildActionMask = 2147483647;
			files = (
				54A275C122EB398900D09117 /* ImagePrivacy.swift in Sources */,
				54A275C322EB450800D09117 /* CodableHandler.swift in Sources */,
				54A275B722EA47D800D09117 /* ViewController+Category.swift in Sources */,
				54A2758F22E9D6F900D09117 /* CustomView.swift in Sources */,
				54A275B922EB1B1000D09117 /* AuthenticationViewModel.swift in Sources */,
				54A2758E22E9D6F900D09117 /* CustomButton.swift in Sources */,
				54A275C522EB47AB00D09117 /* ParseToJson.swift in Sources */,
				54A275AC22E9EB7700D09117 /* PhotoCustomCell.swift in Sources */,
				54A275A722E9EAF400D09117 /* UploadPhotoVC.swift in Sources */,
				54A275B522EA30B000D09117 /* User.swift in Sources */,
				54A275B322EA309A00D09117 /* Image.swift in Sources */,
				543098E622E9211F007F75AD /* CustomLabel.swift in Sources */,
				54A275A622E9EAF400D09117 /* SignUpVC.swift in Sources */,
				54A275BB22EB1B2000D09117 /* ViewModel.swift in Sources */,
				54A2759322E9DBA500D09117 /* LoginVC.swift in Sources */,
				54F0FA5A22E8FCDD0065D99B /* AppDelegate.swift in Sources */,
				54A2759122E9DB1400D09117 /* Constant.swift in Sources */,
				54A275A922E9EAF400D09117 /* HomeVC.swift in Sources */,
				54A275A822E9EAF400D09117 /* ProfileVC.swift in Sources */,
				54A275AF22EA2FED00D09117 /* ImageView+Category.swift in Sources */,
				54A275BF22EB34A900D09117 /* ImagesViewModel.swift in Sources */,
				54A2759522E9DC9200D09117 /* CustomString.swift in Sources */,
			);
			runOnlyForDeploymentPostprocessing = 0;
		};
		54F0FA6622E8FCDF0065D99B /* Sources */ = {
			isa = PBXSourcesBuildPhase;
			buildActionMask = 2147483647;
			files = (
				54A275D322EDC18C00D09117 /* LoginViewTest.swift in Sources */,
				54F0FA6F22E8FCDF0065D99B /* PhotoTests.swift in Sources */,
				54A275D722EDD33700D09117 /* ImageViewModelTesting.swift in Sources */,
			);
			runOnlyForDeploymentPostprocessing = 0;
		};
		54F0FA7122E8FCDF0065D99B /* Sources */ = {
			isa = PBXSourcesBuildPhase;
			buildActionMask = 2147483647;
			files = (
				54F0FA7A22E8FCDF0065D99B /* PhotoUITests.swift in Sources */,
				54A275E822EDE6C300D09117 /* LoginTest.swift in Sources */,
			);
			runOnlyForDeploymentPostprocessing = 0;
		};
/* End PBXSourcesBuildPhase section */

/* Begin PBXTargetDependency section */
		54F0FA6C22E8FCDF0065D99B /* PBXTargetDependency */ = {
			isa = PBXTargetDependency;
			target = 54F0FA5522E8FCDD0065D99B /* Photo */;
			targetProxy = 54F0FA6B22E8FCDF0065D99B /* PBXContainerItemProxy */;
		};
		54F0FA7722E8FCDF0065D99B /* PBXTargetDependency */ = {
			isa = PBXTargetDependency;
			target = 54F0FA5522E8FCDD0065D99B /* Photo */;
			targetProxy = 54F0FA7622E8FCDF0065D99B /* PBXContainerItemProxy */;
		};
/* End PBXTargetDependency section */

/* Begin PBXVariantGroup section */
		54F0FA5D22E8FCDD0065D99B /* Main.storyboard */ = {
			isa = PBXVariantGroup;
			children = (
				54F0FA5E22E8FCDD0065D99B /* Base */,
			);
			name = Main.storyboard;
			sourceTree = "<group>";
		};
		54F0FA6222E8FCDF0065D99B /* LaunchScreen.storyboard */ = {
			isa = PBXVariantGroup;
			children = (
				54F0FA6322E8FCDF0065D99B /* Base */,
			);
			name = LaunchScreen.storyboard;
			sourceTree = "<group>";
		};
/* End PBXVariantGroup section */

/* Begin XCBuildConfiguration section */
		54F0FA7C22E8FCDF0065D99B /* Debug */ = {
			isa = XCBuildConfiguration;
			buildSettings = {
				ALWAYS_SEARCH_USER_PATHS = NO;
				CLANG_ANALYZER_NONNULL = YES;
				CLANG_ANALYZER_NUMBER_OBJECT_CONVERSION = YES_AGGRESSIVE;
				CLANG_CXX_LANGUAGE_STANDARD = "gnu++14";
				CLANG_CXX_LIBRARY = "libc++";
				CLANG_ENABLE_MODULES = YES;
				CLANG_ENABLE_OBJC_ARC = YES;
				CLANG_ENABLE_OBJC_WEAK = YES;
				CLANG_WARN_BLOCK_CAPTURE_AUTORELEASING = YES;
				CLANG_WARN_BOOL_CONVERSION = YES;
				CLANG_WARN_COMMA = YES;
				CLANG_WARN_CONSTANT_CONVERSION = YES;
				CLANG_WARN_DEPRECATED_OBJC_IMPLEMENTATIONS = YES;
				CLANG_WARN_DIRECT_OBJC_ISA_USAGE = YES_ERROR;
				CLANG_WARN_DOCUMENTATION_COMMENTS = YES;
				CLANG_WARN_EMPTY_BODY = YES;
				CLANG_WARN_ENUM_CONVERSION = YES;
				CLANG_WARN_INFINITE_RECURSION = YES;
				CLANG_WARN_INT_CONVERSION = YES;
				CLANG_WARN_NON_LITERAL_NULL_CONVERSION = YES;
				CLANG_WARN_OBJC_IMPLICIT_RETAIN_SELF = YES;
				CLANG_WARN_OBJC_LITERAL_CONVERSION = YES;
				CLANG_WARN_OBJC_ROOT_CLASS = YES_ERROR;
				CLANG_WARN_RANGE_LOOP_ANALYSIS = YES;
				CLANG_WARN_STRICT_PROTOTYPES = YES;
				CLANG_WARN_SUSPICIOUS_MOVE = YES;
				CLANG_WARN_UNGUARDED_AVAILABILITY = YES_AGGRESSIVE;
				CLANG_WARN_UNREACHABLE_CODE = YES;
				CLANG_WARN__DUPLICATE_METHOD_MATCH = YES;
				CODE_SIGN_IDENTITY = "iPhone Developer";
				COPY_PHASE_STRIP = NO;
				DEBUG_INFORMATION_FORMAT = dwarf;
				ENABLE_STRICT_OBJC_MSGSEND = YES;
				ENABLE_TESTABILITY = YES;
				GCC_C_LANGUAGE_STANDARD = gnu11;
				GCC_DYNAMIC_NO_PIC = NO;
				GCC_NO_COMMON_BLOCKS = YES;
				GCC_OPTIMIZATION_LEVEL = 0;
				GCC_PREPROCESSOR_DEFINITIONS = (
					"DEBUG=1",
					"$(inherited)",
				);
				GCC_WARN_64_TO_32_BIT_CONVERSION = YES;
				GCC_WARN_ABOUT_RETURN_TYPE = YES_ERROR;
				GCC_WARN_UNDECLARED_SELECTOR = YES;
				GCC_WARN_UNINITIALIZED_AUTOS = YES_AGGRESSIVE;
				GCC_WARN_UNUSED_FUNCTION = YES;
				GCC_WARN_UNUSED_VARIABLE = YES;
				IPHONEOS_DEPLOYMENT_TARGET = 12.2;
				MTL_ENABLE_DEBUG_INFO = INCLUDE_SOURCE;
				MTL_FAST_MATH = YES;
				ONLY_ACTIVE_ARCH = YES;
				SDKROOT = iphoneos;
				SWIFT_ACTIVE_COMPILATION_CONDITIONS = DEBUG;
				SWIFT_OPTIMIZATION_LEVEL = "-Onone";
			};
			name = Debug;
		};
		54F0FA7D22E8FCDF0065D99B /* Release */ = {
			isa = XCBuildConfiguration;
			buildSettings = {
				ALWAYS_SEARCH_USER_PATHS = NO;
				CLANG_ANALYZER_NONNULL = YES;
				CLANG_ANALYZER_NUMBER_OBJECT_CONVERSION = YES_AGGRESSIVE;
				CLANG_CXX_LANGUAGE_STANDARD = "gnu++14";
				CLANG_CXX_LIBRARY = "libc++";
				CLANG_ENABLE_MODULES = YES;
				CLANG_ENABLE_OBJC_ARC = YES;
				CLANG_ENABLE_OBJC_WEAK = YES;
				CLANG_WARN_BLOCK_CAPTURE_AUTORELEASING = YES;
				CLANG_WARN_BOOL_CONVERSION = YES;
				CLANG_WARN_COMMA = YES;
				CLANG_WARN_CONSTANT_CONVERSION = YES;
				CLANG_WARN_DEPRECATED_OBJC_IMPLEMENTATIONS = YES;
				CLANG_WARN_DIRECT_OBJC_ISA_USAGE = YES_ERROR;
				CLANG_WARN_DOCUMENTATION_COMMENTS = YES;
				CLANG_WARN_EMPTY_BODY = YES;
				CLANG_WARN_ENUM_CONVERSION = YES;
				CLANG_WARN_INFINITE_RECURSION = YES;
				CLANG_WARN_INT_CONVERSION = YES;
				CLANG_WARN_NON_LITERAL_NULL_CONVERSION = YES;
				CLANG_WARN_OBJC_IMPLICIT_RETAIN_SELF = YES;
				CLANG_WARN_OBJC_LITERAL_CONVERSION = YES;
				CLANG_WARN_OBJC_ROOT_CLASS = YES_ERROR;
				CLANG_WARN_RANGE_LOOP_ANALYSIS = YES;
				CLANG_WARN_STRICT_PROTOTYPES = YES;
				CLANG_WARN_SUSPICIOUS_MOVE = YES;
				CLANG_WARN_UNGUARDED_AVAILABILITY = YES_AGGRESSIVE;
				CLANG_WARN_UNREACHABLE_CODE = YES;
				CLANG_WARN__DUPLICATE_METHOD_MATCH = YES;
				CODE_SIGN_IDENTITY = "iPhone Developer";
				COPY_PHASE_STRIP = NO;
				DEBUG_INFORMATION_FORMAT = "dwarf-with-dsym";
				ENABLE_NS_ASSERTIONS = NO;
				ENABLE_STRICT_OBJC_MSGSEND = YES;
				GCC_C_LANGUAGE_STANDARD = gnu11;
				GCC_NO_COMMON_BLOCKS = YES;
				GCC_WARN_64_TO_32_BIT_CONVERSION = YES;
				GCC_WARN_ABOUT_RETURN_TYPE = YES_ERROR;
				GCC_WARN_UNDECLARED_SELECTOR = YES;
				GCC_WARN_UNINITIALIZED_AUTOS = YES_AGGRESSIVE;
				GCC_WARN_UNUSED_FUNCTION = YES;
				GCC_WARN_UNUSED_VARIABLE = YES;
				IPHONEOS_DEPLOYMENT_TARGET = 12.2;
				MTL_ENABLE_DEBUG_INFO = NO;
				MTL_FAST_MATH = YES;
				SDKROOT = iphoneos;
				SWIFT_COMPILATION_MODE = wholemodule;
				SWIFT_OPTIMIZATION_LEVEL = "-O";
				VALIDATE_PRODUCT = YES;
			};
			name = Release;
		};
		54F0FA7F22E8FCDF0065D99B /* Debug */ = {
			isa = XCBuildConfiguration;
			baseConfigurationReference = B35FCAA925D38B808EC18BD1 /* Pods-Photo.debug.xcconfig */;
			buildSettings = {
				ASSETCATALOG_COMPILER_APPICON_NAME = AppIcon;
				CODE_SIGN_STYLE = Automatic;
				DEVELOPMENT_TEAM = 9GDF3DQEXP;
				INFOPLIST_FILE = Photo/Info.plist;
				LD_RUNPATH_SEARCH_PATHS = (
					"$(inherited)",
					"@executable_path/Frameworks",
				);
				PRODUCT_BUNDLE_IDENTIFIER = com.almtar.Photo;
				PRODUCT_NAME = "$(TARGET_NAME)";
				SWIFT_VERSION = 5.0;
				TARGETED_DEVICE_FAMILY = "1,2";
			};
			name = Debug;
		};
		54F0FA8022E8FCDF0065D99B /* Release */ = {
			isa = XCBuildConfiguration;
			baseConfigurationReference = 69CF7016D35EA9B4094F1898 /* Pods-Photo.release.xcconfig */;
			buildSettings = {
				ASSETCATALOG_COMPILER_APPICON_NAME = AppIcon;
				CODE_SIGN_STYLE = Automatic;
				DEVELOPMENT_TEAM = 9GDF3DQEXP;
				INFOPLIST_FILE = Photo/Info.plist;
				LD_RUNPATH_SEARCH_PATHS = (
					"$(inherited)",
					"@executable_path/Frameworks",
				);
				PRODUCT_BUNDLE_IDENTIFIER = com.almtar.Photo;
				PRODUCT_NAME = "$(TARGET_NAME)";
				SWIFT_VERSION = 5.0;
				TARGETED_DEVICE_FAMILY = "1,2";
			};
			name = Release;
		};
		54F0FA8222E8FCDF0065D99B /* Debug */ = {
			isa = XCBuildConfiguration;
			baseConfigurationReference = 1A5CA768D1689F9163AC884C /* Pods-PhotoTests.debug.xcconfig */;
			buildSettings = {
				ALWAYS_EMBED_SWIFT_STANDARD_LIBRARIES = YES;
				BUNDLE_LOADER = "$(TEST_HOST)";
				CODE_SIGN_STYLE = Automatic;
				DEVELOPMENT_TEAM = 9GDF3DQEXP;
				HEADER_SEARCH_PATHS = (
					"$(inherited)",
					"\"${PODS_CONFIGURATION_BUILD_DIR}/BoringSSL-GRPC/openssl_grpc.framework/Headers\"",
					"\"${PODS_CONFIGURATION_BUILD_DIR}/FirebaseAuth/FirebaseAuth.framework/Headers\"",
					"\"${PODS_CONFIGURATION_BUILD_DIR}/FirebaseCore/FirebaseCore.framework/Headers\"",
					"\"${PODS_CONFIGURATION_BUILD_DIR}/FirebaseFirestore/FirebaseFirestore.framework/Headers\"",
					"\"${PODS_CONFIGURATION_BUILD_DIR}/FirebaseInstanceID/FirebaseInstanceID.framework/Headers\"",
					"\"${PODS_CONFIGURATION_BUILD_DIR}/FirebaseStorage/FirebaseStorage.framework/Headers\"",
					"\"${PODS_CONFIGURATION_BUILD_DIR}/GTMSessionFetcher/GTMSessionFetcher.framework/Headers\"",
					"\"${PODS_CONFIGURATION_BUILD_DIR}/GoogleUtilities/GoogleUtilities.framework/Headers\"",
					"\"${PODS_CONFIGURATION_BUILD_DIR}/IQKeyboardManagerSwift/IQKeyboardManagerSwift.framework/Headers\"",
					"\"${PODS_CONFIGURATION_BUILD_DIR}/Kingfisher/Kingfisher.framework/Headers\"",
					"\"${PODS_CONFIGURATION_BUILD_DIR}/NVActivityIndicatorView/NVActivityIndicatorView.framework/Headers\"",
					"\"${PODS_CONFIGURATION_BUILD_DIR}/Protobuf/Protobuf.framework/Headers\"",
					"\"${PODS_CONFIGURATION_BUILD_DIR}/gRPC-C++/grpcpp.framework/Headers\"",
					"\"${PODS_CONFIGURATION_BUILD_DIR}/gRPC-Core/grpc.framework/Headers\"",
					"\"${PODS_CONFIGURATION_BUILD_DIR}/leveldb-library/leveldb.framework/Headers\"",
					"\"${PODS_CONFIGURATION_BUILD_DIR}/nanopb/nanopb.framework/Headers\"",
					"\"${PODS_ROOT}/Headers/Public\"",
					"\"${PODS_ROOT}/Headers/Public/Firebase\"",
					"\"${PODS_ROOT}/Headers/Public/FirebaseAuthInterop\"",
					"$(inherited)",
					"${PODS_ROOT}/Firebase/CoreOnly/Sources",
					"${PODS_ROOT}/Firebase/Core/Sources",
				);
				INFOPLIST_FILE = PhotoTests/Info.plist;
				LD_RUNPATH_SEARCH_PATHS = (
					"$(inherited)",
					"@executable_path/Frameworks",
					"@loader_path/Frameworks",
				);
				PRODUCT_BUNDLE_IDENTIFIER = com.almtar.PhotoTests;
				PRODUCT_NAME = "$(TARGET_NAME)";
				SWIFT_VERSION = 5.0;
				TARGETED_DEVICE_FAMILY = "1,2";
				TEST_HOST = "$(BUILT_PRODUCTS_DIR)/Photo.app/Photo";
			};
			name = Debug;
		};
		54F0FA8322E8FCDF0065D99B /* Release */ = {
			isa = XCBuildConfiguration;
			baseConfigurationReference = C2AF2F78170EAE547BBE1047 /* Pods-PhotoTests.release.xcconfig */;
			buildSettings = {
				ALWAYS_EMBED_SWIFT_STANDARD_LIBRARIES = YES;
				BUNDLE_LOADER = "$(TEST_HOST)";
				CODE_SIGN_STYLE = Automatic;
				DEVELOPMENT_TEAM = 9GDF3DQEXP;
				HEADER_SEARCH_PATHS = (
					"$(inherited)",
					"\"${PODS_CONFIGURATION_BUILD_DIR}/BoringSSL-GRPC/openssl_grpc.framework/Headers\"",
					"\"${PODS_CONFIGURATION_BUILD_DIR}/FirebaseAuth/FirebaseAuth.framework/Headers\"",
					"\"${PODS_CONFIGURATION_BUILD_DIR}/FirebaseCore/FirebaseCore.framework/Headers\"",
					"\"${PODS_CONFIGURATION_BUILD_DIR}/FirebaseFirestore/FirebaseFirestore.framework/Headers\"",
					"\"${PODS_CONFIGURATION_BUILD_DIR}/FirebaseInstanceID/FirebaseInstanceID.framework/Headers\"",
					"\"${PODS_CONFIGURATION_BUILD_DIR}/FirebaseStorage/FirebaseStorage.framework/Headers\"",
					"\"${PODS_CONFIGURATION_BUILD_DIR}/GTMSessionFetcher/GTMSessionFetcher.framework/Headers\"",
					"\"${PODS_CONFIGURATION_BUILD_DIR}/GoogleUtilities/GoogleUtilities.framework/Headers\"",
					"\"${PODS_CONFIGURATION_BUILD_DIR}/IQKeyboardManagerSwift/IQKeyboardManagerSwift.framework/Headers\"",
					"\"${PODS_CONFIGURATION_BUILD_DIR}/Kingfisher/Kingfisher.framework/Headers\"",
					"\"${PODS_CONFIGURATION_BUILD_DIR}/NVActivityIndicatorView/NVActivityIndicatorView.framework/Headers\"",
					"\"${PODS_CONFIGURATION_BUILD_DIR}/Protobuf/Protobuf.framework/Headers\"",
					"\"${PODS_CONFIGURATION_BUILD_DIR}/gRPC-C++/grpcpp.framework/Headers\"",
					"\"${PODS_CONFIGURATION_BUILD_DIR}/gRPC-Core/grpc.framework/Headers\"",
					"\"${PODS_CONFIGURATION_BUILD_DIR}/leveldb-library/leveldb.framework/Headers\"",
					"\"${PODS_CONFIGURATION_BUILD_DIR}/nanopb/nanopb.framework/Headers\"",
					"\"${PODS_ROOT}/Headers/Public\"",
					"\"${PODS_ROOT}/Headers/Public/Firebase\"",
					"\"${PODS_ROOT}/Headers/Public/FirebaseAuthInterop\"",
					"$(inherited)",
					"${PODS_ROOT}/Firebase/CoreOnly/Sources",
					"${PODS_ROOT}/Firebase/Core/Sources",
				);
				INFOPLIST_FILE = PhotoTests/Info.plist;
				LD_RUNPATH_SEARCH_PATHS = (
					"$(inherited)",
					"@executable_path/Frameworks",
					"@loader_path/Frameworks",
				);
				PRODUCT_BUNDLE_IDENTIFIER = com.almtar.PhotoTests;
				PRODUCT_NAME = "$(TARGET_NAME)";
				SWIFT_VERSION = 5.0;
				TARGETED_DEVICE_FAMILY = "1,2";
				TEST_HOST = "$(BUILT_PRODUCTS_DIR)/Photo.app/Photo";
			};
			name = Release;
		};
		54F0FA8522E8FCDF0065D99B /* Debug */ = {
			isa = XCBuildConfiguration;
			baseConfigurationReference = 8159A17A022E7467C6191EEA /* Pods-PhotoUITests.debug.xcconfig */;
			buildSettings = {
				ALWAYS_EMBED_SWIFT_STANDARD_LIBRARIES = YES;
				CODE_SIGN_STYLE = Automatic;
				DEVELOPMENT_TEAM = 9GDF3DQEXP;
				INFOPLIST_FILE = PhotoUITests/Info.plist;
				LD_RUNPATH_SEARCH_PATHS = (
					"$(inherited)",
					"@executable_path/Frameworks",
					"@loader_path/Frameworks",
					"@rpath/GTMSessionFetcher.framework/GTMSessionFetcher",
				);
				PRODUCT_BUNDLE_IDENTIFIER = com.almtar.PhotoUITests;
				PRODUCT_NAME = "$(TARGET_NAME)";
				SWIFT_VERSION = 5.0;
				TARGETED_DEVICE_FAMILY = "1,2";
				TEST_TARGET_NAME = Photo;
			};
			name = Debug;
		};
		54F0FA8622E8FCDF0065D99B /* Release */ = {
			isa = XCBuildConfiguration;
			baseConfigurationReference = 64AC08EFEEA85A1244A03679 /* Pods-PhotoUITests.release.xcconfig */;
			buildSettings = {
				ALWAYS_EMBED_SWIFT_STANDARD_LIBRARIES = YES;
				CODE_SIGN_STYLE = Automatic;
				DEVELOPMENT_TEAM = 9GDF3DQEXP;
				INFOPLIST_FILE = PhotoUITests/Info.plist;
				LD_RUNPATH_SEARCH_PATHS = (
					"$(inherited)",
					"@executable_path/Frameworks",
					"@loader_path/Frameworks",
					"@rpath/GTMSessionFetcher.framework/GTMSessionFetcher",
				);
				PRODUCT_BUNDLE_IDENTIFIER = com.almtar.PhotoUITests;
				PRODUCT_NAME = "$(TARGET_NAME)";
				SWIFT_VERSION = 5.0;
				TARGETED_DEVICE_FAMILY = "1,2";
				TEST_TARGET_NAME = Photo;
			};
			name = Release;
		};
/* End XCBuildConfiguration section */

/* Begin XCConfigurationList section */
		54F0FA5122E8FCDD0065D99B /* Build configuration list for PBXProject "Photo" */ = {
			isa = XCConfigurationList;
			buildConfigurations = (
				54F0FA7C22E8FCDF0065D99B /* Debug */,
				54F0FA7D22E8FCDF0065D99B /* Release */,
			);
			defaultConfigurationIsVisible = 0;
			defaultConfigurationName = Release;
		};
		54F0FA7E22E8FCDF0065D99B /* Build configuration list for PBXNativeTarget "Photo" */ = {
			isa = XCConfigurationList;
			buildConfigurations = (
				54F0FA7F22E8FCDF0065D99B /* Debug */,
				54F0FA8022E8FCDF0065D99B /* Release */,
			);
			defaultConfigurationIsVisible = 0;
			defaultConfigurationName = Release;
		};
		54F0FA8122E8FCDF0065D99B /* Build configuration list for PBXNativeTarget "PhotoTests" */ = {
			isa = XCConfigurationList;
			buildConfigurations = (
				54F0FA8222E8FCDF0065D99B /* Debug */,
				54F0FA8322E8FCDF0065D99B /* Release */,
			);
			defaultConfigurationIsVisible = 0;
			defaultConfigurationName = Release;
		};
		54F0FA8422E8FCDF0065D99B /* Build configuration list for PBXNativeTarget "PhotoUITests" */ = {
			isa = XCConfigurationList;
			buildConfigurations = (
				54F0FA8522E8FCDF0065D99B /* Debug */,
				54F0FA8622E8FCDF0065D99B /* Release */,
			);
			defaultConfigurationIsVisible = 0;
			defaultConfigurationName = Release;
		};
/* End XCConfigurationList section */
	};
	rootObject = 54F0FA4E22E8FCDD0065D99B /* Project object */;
}
