// !$*UTF8*$!
{
	archiveVersion = 1;
	classes = {
	};
	objectVersion = 50;
	objects = {

/* Begin PBXBuildFile section */
		54F0FA5A22E8FCDD0065D99B /* AppDelegate.swift in Sources */ = {isa = PBXBuildFile; fileRef = 54F0FA5922E8FCDD0065D99B /* AppDelegate.swift */; };
		54F0FA5C22E8FCDD0065D99B /* ViewController.swift in Sources */ = {isa = PBXBuildFile; fileRef = 54F0FA5B22E8FCDD0065D99B /* ViewController.swift */; };
		54F0FA5F22E8FCDD0065D99B /* Main.storyboard in Resources */ = {isa = PBXBuildFile; fileRef = 54F0FA5D22E8FCDD0065D99B /* Main.storyboard */; };
		54F0FA6122E8FCDF0065D99B /* Assets.xcassets in Resources */ = {isa = PBXBuildFile; fileRef = 54F0FA6022E8FCDF0065D99B /* Assets.xcassets */; };
		54F0FA6422E8FCDF0065D99B /* LaunchScreen.storyboard in Resources */ = {isa = PBXBuildFile; fileRef = 54F0FA6222E8FCDF0065D99B /* LaunchScreen.storyboard */; };
		54F0FA6F22E8FCDF0065D99B /* PhotoTests.swift in Sources */ = {isa = PBXBuildFile; fileRef = 54F0FA6E22E8FCDF0065D99B /* PhotoTests.swift */; };
		54F0FA7A22E8FCDF0065D99B /* PhotoUITests.swift in Sources */ = {isa = PBXBuildFile; fileRef = 54F0FA7922E8FCDF0065D99B /* PhotoUITests.swift */; };
/* End PBXBuildFile section */

/* Begin PBXContainerItemProxy section */
		54F0FA6B22E8FCDF0065D99B /* PBXContainerItemProxy */ = {
			isa = PBXContainerItemProxy;
			containerPortal = 54F0FA4E22E8FCDD0065D99B /* Project object */;
			proxyType = 1;
			remoteGlobalIDString = 54F0FA5522E8FCDD0065D99B;
			remoteInfo = Photo;
		};
		54F0FA7622E8FCDF0065D99B /* PBXContainerItemProxy */ = {
			isa = PBXContainerItemProxy;
			containerPortal = 54F0FA4E22E8FCDD0065D99B /* Project object */;
			proxyType = 1;
			remoteGlobalIDString = 54F0FA5522E8FCDD0065D99B;
			remoteInfo = Photo;
		};
/* End PBXContainerItemProxy section */

/* Begin PBXFileReference section */
		54F0FA5622E8FCDD0065D99B /* Photo.app */ = {isa = PBXFileReference; explicitFileType = wrapper.application; includeInIndex = 0; path = Photo.app; sourceTree = BUILT_PRODUCTS_DIR; };
		54F0FA5922E8FCDD0065D99B /* AppDelegate.swift */ = {isa = PBXFileReference; lastKnownFileType = sourcecode.swift; path = AppDelegate.swift; sourceTree = "<group>"; };
		54F0FA5B22E8FCDD0065D99B /* ViewController.swift */ = {isa = PBXFileReference; lastKnownFileType = sourcecode.swift; path = ViewController.swift; sourceTree = "<group>"; };
		54F0FA5E22E8FCDD0065D99B /* Base */ = {isa = PBXFileReference; lastKnownFileType = file.storyboard; name = Base; path = Base.lproj/Main.storyboard; sourceTree = "<group>"; };
		54F0FA6022E8FCDF0065D99B /* Assets.xcassets */ = {isa = PBXFileReference; lastKnownFileType = folder.assetcatalog; path = Assets.xcassets; sourceTree = "<group>"; };
		54F0FA6322E8FCDF0065D99B /* Base */ = {isa = PBXFileReference; lastKnownFileType = file.storyboard; name = Base; path = Base.lproj/LaunchScreen.storyboard; sourceTree = "<group>"; };
		54F0FA6522E8FCDF0065D99B /* Info.plist */ = {isa = PBXFileReference; lastKnownFileType = text.plist.xml; path = Info.plist; sourceTree = "<group>"; };
		54F0FA6A22E8FCDF0065D99B /* PhotoTests.xctest */ = {isa = PBXFileReference; explicitFileType = wrapper.cfbundle; includeInIndex = 0; path = PhotoTests.xctest; sourceTree = BUILT_PRODUCTS_DIR; };
		54F0FA6E22E8FCDF0065D99B /* PhotoTests.swift */ = {isa = PBXFileReference; lastKnownFileType = sourcecode.swift; path = PhotoTests.swift; sourceTree = "<group>"; };
		54F0FA7022E8FCDF0065D99B /* Info.plist */ = {isa = PBXFileReference; lastKnownFileType = text.plist.xml; path = Info.plist; sourceTree = "<group>"; };
		54F0FA7522E8FCDF0065D99B /* PhotoUITests.xctest */ = {isa = PBXFileReference; explicitFileType = wrapper.cfbundle; includeInIndex = 0; path = PhotoUITests.xctest; sourceTree = BUILT_PRODUCTS_DIR; };
		54F0FA7922E8FCDF0065D99B /* PhotoUITests.swift */ = {isa = PBXFileReference; lastKnownFileType = sourcecode.swift; path = PhotoUITests.swift; sourceTree = "<group>"; };
		54F0FA7B22E8FCDF0065D99B /* Info.plist */ = {isa = PBXFileReference; lastKnownFileType = text.plist.xml; path = Info.plist; sourceTree = "<group>"; };
/* End PBXFileReference section */

/* Begin PBXFrameworksBuildPhase section */
		54F0FA5322E8FCDD0065D99B /* Frameworks */ = {
			isa = PBXFrameworksBuildPhase;
			buildActionMask = 2147483647;
			files = (
			);
			runOnlyForDeploymentPostprocessing = 0;
		};
		54F0FA6722E8FCDF0065D99B /* Frameworks */ = {
			isa = PBXFrameworksBuildPhase;
			buildActionMask = 2147483647;
			files = (
			);
			runOnlyForDeploymentPostprocessing = 0;
		};
		54F0FA7222E8FCDF0065D99B /* Frameworks */ = {
			isa = PBXFrameworksBuildPhase;
			buildActionMask = 2147483647;
			files = (
			);
			runOnlyForDeploymentPostprocessing = 0;
		};
/* End PBXFrameworksBuildPhase section */

/* Begin PBXGroup section */
		54F0FA4D22E8FCDD0065D99B = {
			isa = PBXGroup;
			children = (
				54F0FA5822E8FCDD0065D99B /* Photo */,
				54F0FA6D22E8FCDF0065D99B /* PhotoTests */,
				54F0FA7822E8FCDF0065D99B /* PhotoUITests */,
				54F0FA5722E8FCDD0065D99B /* Products */,
			);
			sourceTree = "<group>";
		};
		54F0FA5722E8FCDD0065D99B /* Products */ = {
			isa = PBXGroup;
			children = (
				54F0FA5622E8FCDD0065D99B /* Photo.app */,
				54F0FA6A22E8FCDF0065D99B /* PhotoTests.xctest */,
				54F0FA7522E8FCDF0065D99B /* PhotoUITests.xctest */,
			);
			name = Products;
			sourceTree = "<group>";
		};
		54F0FA5822E8FCDD0065D99B /* Photo */ = {
			isa = PBXGroup;
			children = (
				54F0FA5922E8FCDD0065D99B /* AppDelegate.swift */,
				54F0FA5B22E8FCDD0065D99B /* ViewController.swift */,
				54F0FA5D22E8FCDD0065D99B /* Main.storyboard */,
				54F0FA6022E8FCDF0065D99B /* Assets.xcassets */,
				54F0FA6222E8FCDF0065D99B /* LaunchScreen.storyboard */,
				54F0FA6522E8FCDF0065D99B /* Info.plist */,
			);
			path = Photo;
			sourceTree = "<group>";
		};
		54F0FA6D22E8FCDF0065D99B /* PhotoTests */ = {
			isa = PBXGroup;
			children = (
				54F0FA6E22E8FCDF0065D99B /* PhotoTests.swift */,
				54F0FA7022E8FCDF0065D99B /* Info.plist */,
			);
			path = PhotoTests;
			sourceTree = "<group>";
		};
		54F0FA7822E8FCDF0065D99B /* PhotoUITests */ = {
			isa = PBXGroup;
			children = (
				54F0FA7922E8FCDF0065D99B /* PhotoUITests.swift */,
				54F0FA7B22E8FCDF0065D99B /* Info.plist */,
			);
			path = PhotoUITests;
			sourceTree = "<group>";
		};
/* End PBXGroup section */

/* Begin PBXNativeTarget section */
		54F0FA5522E8FCDD0065D99B /* Photo */ = {
			isa = PBXNativeTarget;
			buildConfigurationList = 54F0FA7E22E8FCDF0065D99B /* Build configuration list for PBXNativeTarget "Photo" */;
			buildPhases = (
				54F0FA5222E8FCDD0065D99B /* Sources */,
				54F0FA5322E8FCDD0065D99B /* Frameworks */,
				54F0FA5422E8FCDD0065D99B /* Resources */,
			);
			buildRules = (
			);
			dependencies = (
			);
			name = Photo;
			productName = Photo;
			productReference = 54F0FA5622E8FCDD0065D99B /* Photo.app */;
			productType = "com.apple.product-type.application";
		};
		54F0FA6922E8FCDF0065D99B /* PhotoTests */ = {
			isa = PBXNativeTarget;
			buildConfigurationList = 54F0FA8122E8FCDF0065D99B /* Build configuration list for PBXNativeTarget "PhotoTests" */;
			buildPhases = (
				54F0FA6622E8FCDF0065D99B /* Sources */,
				54F0FA6722E8FCDF0065D99B /* Frameworks */,
				54F0FA6822E8FCDF0065D99B /* Resources */,
			);
			buildRules = (
			);
			dependencies = (
				54F0FA6C22E8FCDF0065D99B /* PBXTargetDependency */,
			);
			name = PhotoTests;
			productName = PhotoTests;
			productReference = 54F0FA6A22E8FCDF0065D99B /* PhotoTests.xctest */;
			productType = "com.apple.product-type.bundle.unit-test";
		};
		54F0FA7422E8FCDF0065D99B /* PhotoUITests */ = {
			isa = PBXNativeTarget;
			buildConfigurationList = 54F0FA8422E8FCDF0065D99B /* Build configuration list for PBXNativeTarget "PhotoUITests" */;
			buildPhases = (
				54F0FA7122E8FCDF0065D99B /* Sources */,
				54F0FA7222E8FCDF0065D99B /* Frameworks */,
				54F0FA7322E8FCDF0065D99B /* Resources */,
			);
			buildRules = (
			);
			dependencies = (
				54F0FA7722E8FCDF0065D99B /* PBXTargetDependency */,
			);
			name = PhotoUITests;
			productName = PhotoUITests;
			productReference = 54F0FA7522E8FCDF0065D99B /* PhotoUITests.xctest */;
			productType = "com.apple.product-type.bundle.ui-testing";
		};
/* End PBXNativeTarget section */

/* Begin PBXProject section */
		54F0FA4E22E8FCDD0065D99B /* Project object */ = {
			isa = PBXProject;
			attributes = {
				LastSwiftUpdateCheck = 1020;
				LastUpgradeCheck = 1020;
				ORGANIZATIONNAME = "Yahia El-Dow";
				TargetAttributes = {
					54F0FA5522E8FCDD0065D99B = {
						CreatedOnToolsVersion = 10.2.1;
					};
					54F0FA6922E8FCDF0065D99B = {
						CreatedOnToolsVersion = 10.2.1;
						TestTargetID = 54F0FA5522E8FCDD0065D99B;
					};
					54F0FA7422E8FCDF0065D99B = {
						CreatedOnToolsVersion = 10.2.1;
						TestTargetID = 54F0FA5522E8FCDD0065D99B;
					};
				};
			};
			buildConfigurationList = 54F0FA5122E8FCDD0065D99B /* Build configuration list for PBXProject "Photo" */;
			compatibilityVersion = "Xcode 9.3";
			developmentRegion = en;
			hasScannedForEncodings = 0;
			knownRegions = (
				en,
				Base,
			);
			mainGroup = 54F0FA4D22E8FCDD0065D99B;
			productRefGroup = 54F0FA5722E8FCDD0065D99B /* Products */;
			projectDirPath = "";
			projectRoot = "";
			targets = (
				54F0FA5522E8FCDD0065D99B /* Photo */,
				54F0FA6922E8FCDF0065D99B /* PhotoTests */,
				54F0FA7422E8FCDF0065D99B /* PhotoUITests */,
			);
		};
/* End PBXProject section */

/* Begin PBXResourcesBuildPhase section */
		54F0FA5422E8FCDD0065D99B /* Resources */ = {
			isa = PBXResourcesBuildPhase;
			buildActionMask = 2147483647;
			files = (
				54F0FA6422E8FCDF0065D99B /* LaunchScreen.storyboard in Resources */,
				54F0FA6122E8FCDF0065D99B /* Assets.xcassets in Resources */,
				54F0FA5F22E8FCDD0065D99B /* Main.storyboard in Resources */,
			);
			runOnlyForDeploymentPostprocessing = 0;
		};
		54F0FA6822E8FCDF0065D99B /* Resources */ = {
			isa = PBXResourcesBuildPhase;
			buildActionMask = 2147483647;
			files = (
			);
			runOnlyForDeploymentPostprocessing = 0;
		};
		54F0FA7322E8FCDF0065D99B /* Resources */ = {
			isa = PBXResourcesBuildPhase;
			buildActionMask = 2147483647;
			files = (
			);
			runOnlyForDeploymentPostprocessing = 0;
		};
/* End PBXResourcesBuildPhase section */

/* Begin PBXSourcesBuildPhase section */
		54F0FA5222E8FCDD0065D99B /* Sources */ = {
			isa = PBXSourcesBuildPhase;
			buildActionMask = 2147483647;
			files = (
				54F0FA5C22E8FCDD0065D99B /* ViewController.swift in Sources */,
				54F0FA5A22E8FCDD0065D99B /* AppDelegate.swift in Sources */,
			);
			runOnlyForDeploymentPostprocessing = 0;
		};
		54F0FA6622E8FCDF0065D99B /* Sources */ = {
			isa = PBXSourcesBuildPhase;
			buildActionMask = 2147483647;
			files = (
				54F0FA6F22E8FCDF0065D99B /* PhotoTests.swift in Sources */,
			);
			runOnlyForDeploymentPostprocessing = 0;
		};
		54F0FA7122E8FCDF0065D99B /* Sources */ = {
			isa = PBXSourcesBuildPhase;
			buildActionMask = 2147483647;
			files = (
				54F0FA7A22E8FCDF0065D99B /* PhotoUITests.swift in Sources */,
			);
			runOnlyForDeploymentPostprocessing = 0;
		};
/* End PBXSourcesBuildPhase section */

/* Begin PBXTargetDependency section */
		54F0FA6C22E8FCDF0065D99B /* PBXTargetDependency */ = {
			isa = PBXTargetDependency;
			target = 54F0FA5522E8FCDD0065D99B /* Photo */;
			targetProxy = 54F0FA6B22E8FCDF0065D99B /* PBXContainerItemProxy */;
		};
		54F0FA7722E8FCDF0065D99B /* PBXTargetDependency */ = {
			isa = PBXTargetDependency;
			target = 54F0FA5522E8FCDD0065D99B /* Photo */;
			targetProxy = 54F0FA7622E8FCDF0065D99B /* PBXContainerItemProxy */;
		};
/* End PBXTargetDependency section */

/* Begin PBXVariantGroup section */
		54F0FA5D22E8FCDD0065D99B /* Main.storyboard */ = {
			isa = PBXVariantGroup;
			children = (
				54F0FA5E22E8FCDD0065D99B /* Base */,
			);
			name = Main.storyboard;
			sourceTree = "<group>";
		};
		54F0FA6222E8FCDF0065D99B /* LaunchScreen.storyboard */ = {
			isa = PBXVariantGroup;
			children = (
				54F0FA6322E8FCDF0065D99B /* Base */,
			);
			name = LaunchScreen.storyboard;
			sourceTree = "<group>";
		};
/* End PBXVariantGroup section */

/* Begin XCBuildConfiguration section */
		54F0FA7C22E8FCDF0065D99B /* Debug */ = {
			isa = XCBuildConfiguration;
			buildSettings = {
				ALWAYS_SEARCH_USER_PATHS = NO;
				CLANG_ANALYZER_NONNULL = YES;
				CLANG_ANALYZER_NUMBER_OBJECT_CONVERSION = YES_AGGRESSIVE;
				CLANG_CXX_LANGUAGE_STANDARD = "gnu++14";
				CLANG_CXX_LIBRARY = "libc++";
				CLANG_ENABLE_MODULES = YES;
				CLANG_ENABLE_OBJC_ARC = YES;
				CLANG_ENABLE_OBJC_WEAK = YES;
				CLANG_WARN_BLOCK_CAPTURE_AUTORELEASING = YES;
				CLANG_WARN_BOOL_CONVERSION = YES;
				CLANG_WARN_COMMA = YES;
				CLANG_WARN_CONSTANT_CONVERSION = YES;
				CLANG_WARN_DEPRECATED_OBJC_IMPLEMENTATIONS = YES;
				CLANG_WARN_DIRECT_OBJC_ISA_USAGE = YES_ERROR;
				CLANG_WARN_DOCUMENTATION_COMMENTS = YES;
				CLANG_WARN_EMPTY_BODY = YES;
				CLANG_WARN_ENUM_CONVERSION = YES;
				CLANG_WARN_INFINITE_RECURSION = YES;
				CLANG_WARN_INT_CONVERSION = YES;
				CLANG_WARN_NON_LITERAL_NULL_CONVERSION = YES;
				CLANG_WARN_OBJC_IMPLICIT_RETAIN_SELF = YES;
				CLANG_WARN_OBJC_LITERAL_CONVERSION = YES;
				CLANG_WARN_OBJC_ROOT_CLASS = YES_ERROR;
				CLANG_WARN_RANGE_LOOP_ANALYSIS = YES;
				CLANG_WARN_STRICT_PROTOTYPES = YES;
				CLANG_WARN_SUSPICIOUS_MOVE = YES;
				CLANG_WARN_UNGUARDED_AVAILABILITY = YES_AGGRESSIVE;
				CLANG_WARN_UNREACHABLE_CODE = YES;
				CLANG_WARN__DUPLICATE_METHOD_MATCH = YES;
				CODE_SIGN_IDENTITY = "iPhone Developer";
				COPY_PHASE_STRIP = NO;
				DEBUG_INFORMATION_FORMAT = dwarf;
				ENABLE_STRICT_OBJC_MSGSEND = YES;
				ENABLE_TESTABILITY = YES;
				GCC_C_LANGUAGE_STANDARD = gnu11;
				GCC_DYNAMIC_NO_PIC = NO;
				GCC_NO_COMMON_BLOCKS = YES;
				GCC_OPTIMIZATION_LEVEL = 0;
				GCC_PREPROCESSOR_DEFINITIONS = (
					"DEBUG=1",
					"$(inherited)",
				);
				GCC_WARN_64_TO_32_BIT_CONVERSION = YES;
				GCC_WARN_ABOUT_RETURN_TYPE = YES_ERROR;
				GCC_WARN_UNDECLARED_SELECTOR = YES;
				GCC_WARN_UNINITIALIZED_AUTOS = YES_AGGRESSIVE;
				GCC_WARN_UNUSED_FUNCTION = YES;
				GCC_WARN_UNUSED_VARIABLE = YES;
				IPHONEOS_DEPLOYMENT_TARGET = 12.2;
				MTL_ENABLE_DEBUG_INFO = INCLUDE_SOURCE;
				MTL_FAST_MATH = YES;
				ONLY_ACTIVE_ARCH = YES;
				SDKROOT = iphoneos;
				SWIFT_ACTIVE_COMPILATION_CONDITIONS = DEBUG;
				SWIFT_OPTIMIZATION_LEVEL = "-Onone";
			};
			name = Debug;
		};
		54F0FA7D22E8FCDF0065D99B /* Release */ = {
			isa = XCBuildConfiguration;
			buildSettings = {
				ALWAYS_SEARCH_USER_PATHS = NO;
				CLANG_ANALYZER_NONNULL = YES;
				CLANG_ANALYZER_NUMBER_OBJECT_CONVERSION = YES_AGGRESSIVE;
				CLANG_CXX_LANGUAGE_STANDARD = "gnu++14";
				CLANG_CXX_LIBRARY = "libc++";
				CLANG_ENABLE_MODULES = YES;
				CLANG_ENABLE_OBJC_ARC = YES;
				CLANG_ENABLE_OBJC_WEAK = YES;
				CLANG_WARN_BLOCK_CAPTURE_AUTORELEASING = YES;
				CLANG_WARN_BOOL_CONVERSION = YES;
				CLANG_WARN_COMMA = YES;
				CLANG_WARN_CONSTANT_CONVERSION = YES;
				CLANG_WARN_DEPRECATED_OBJC_IMPLEMENTATIONS = YES;
				CLANG_WARN_DIRECT_OBJC_ISA_USAGE = YES_ERROR;
				CLANG_WARN_DOCUMENTATION_COMMENTS = YES;
				CLANG_WARN_EMPTY_BODY = YES;
				CLANG_WARN_ENUM_CONVERSION = YES;
				CLANG_WARN_INFINITE_RECURSION = YES;
				CLANG_WARN_INT_CONVERSION = YES;
				CLANG_WARN_NON_LITERAL_NULL_CONVERSION = YES;
				CLANG_WARN_OBJC_IMPLICIT_RETAIN_SELF = YES;
				CLANG_WARN_OBJC_LITERAL_CONVERSION = YES;
				CLANG_WARN_OBJC_ROOT_CLASS = YES_ERROR;
				CLANG_WARN_RANGE_LOOP_ANALYSIS = YES;
				CLANG_WARN_STRICT_PROTOTYPES = YES;
				CLANG_WARN_SUSPICIOUS_MOVE = YES;
				CLANG_WARN_UNGUARDED_AVAILABILITY = YES_AGGRESSIVE;
				CLANG_WARN_UNREACHABLE_CODE = YES;
				CLANG_WARN__DUPLICATE_METHOD_MATCH = YES;
				CODE_SIGN_IDENTITY = "iPhone Developer";
				COPY_PHASE_STRIP = NO;
				DEBUG_INFORMATION_FORMAT = "dwarf-with-dsym";
				ENABLE_NS_ASSERTIONS = NO;
				ENABLE_STRICT_OBJC_MSGSEND = YES;
				GCC_C_LANGUAGE_STANDARD = gnu11;
				GCC_NO_COMMON_BLOCKS = YES;
				GCC_WARN_64_TO_32_BIT_CONVERSION = YES;
				GCC_WARN_ABOUT_RETURN_TYPE = YES_ERROR;
				GCC_WARN_UNDECLARED_SELECTOR = YES;
				GCC_WARN_UNINITIALIZED_AUTOS = YES_AGGRESSIVE;
				GCC_WARN_UNUSED_FUNCTION = YES;
				GCC_WARN_UNUSED_VARIABLE = YES;
				IPHONEOS_DEPLOYMENT_TARGET = 12.2;
				MTL_ENABLE_DEBUG_INFO = NO;
				MTL_FAST_MATH = YES;
				SDKROOT = iphoneos;
				SWIFT_COMPILATION_MODE = wholemodule;
				SWIFT_OPTIMIZATION_LEVEL = "-O";
				VALIDATE_PRODUCT = YES;
			};
			name = Release;
		};
		54F0FA7F22E8FCDF0065D99B /* Debug */ = {
			isa = XCBuildConfiguration;
			buildSettings = {
				ASSETCATALOG_COMPILER_APPICON_NAME = AppIcon;
				CODE_SIGN_STYLE = Automatic;
				INFOPLIST_FILE = Photo/Info.plist;
				LD_RUNPATH_SEARCH_PATHS = (
					"$(inherited)",
					"@executable_path/Frameworks",
				);
				PRODUCT_BUNDLE_IDENTIFIER = com.almtar.Photo;
				PRODUCT_NAME = "$(TARGET_NAME)";
				SWIFT_VERSION = 5.0;
				TARGETED_DEVICE_FAMILY = "1,2";
			};
			name = Debug;
		};
		54F0FA8022E8FCDF0065D99B /* Release */ = {
			isa = XCBuildConfiguration;
			buildSettings = {
				ASSETCATALOG_COMPILER_APPICON_NAME = AppIcon;
				CODE_SIGN_STYLE = Automatic;
				INFOPLIST_FILE = Photo/Info.plist;
				LD_RUNPATH_SEARCH_PATHS = (
					"$(inherited)",
					"@executable_path/Frameworks",
				);
				PRODUCT_BUNDLE_IDENTIFIER = com.almtar.Photo;
				PRODUCT_NAME = "$(TARGET_NAME)";
				SWIFT_VERSION = 5.0;
				TARGETED_DEVICE_FAMILY = "1,2";
			};
			name = Release;
		};
		54F0FA8222E8FCDF0065D99B /* Debug */ = {
			isa = XCBuildConfiguration;
			buildSettings = {
				ALWAYS_EMBED_SWIFT_STANDARD_LIBRARIES = YES;
				BUNDLE_LOADER = "$(TEST_HOST)";
				CODE_SIGN_STYLE = Automatic;
				INFOPLIST_FILE = PhotoTests/Info.plist;
				LD_RUNPATH_SEARCH_PATHS = (
					"$(inherited)",
					"@executable_path/Frameworks",
					"@loader_path/Frameworks",
				);
				PRODUCT_BUNDLE_IDENTIFIER = com.almtar.PhotoTests;
				PRODUCT_NAME = "$(TARGET_NAME)";
				SWIFT_VERSION = 5.0;
				TARGETED_DEVICE_FAMILY = "1,2";
				TEST_HOST = "$(BUILT_PRODUCTS_DIR)/Photo.app/Photo";
			};
			name = Debug;
		};
		54F0FA8322E8FCDF0065D99B /* Release */ = {
			isa = XCBuildConfiguration;
			buildSettings = {
				ALWAYS_EMBED_SWIFT_STANDARD_LIBRARIES = YES;
				BUNDLE_LOADER = "$(TEST_HOST)";
				CODE_SIGN_STYLE = Automatic;
				INFOPLIST_FILE = PhotoTests/Info.plist;
				LD_RUNPATH_SEARCH_PATHS = (
					"$(inherited)",
					"@executable_path/Frameworks",
					"@loader_path/Frameworks",
				);
				PRODUCT_BUNDLE_IDENTIFIER = com.almtar.PhotoTests;
				PRODUCT_NAME = "$(TARGET_NAME)";
				SWIFT_VERSION = 5.0;
				TARGETED_DEVICE_FAMILY = "1,2";
				TEST_HOST = "$(BUILT_PRODUCTS_DIR)/Photo.app/Photo";
			};
			name = Release;
		};
		54F0FA8522E8FCDF0065D99B /* Debug */ = {
			isa = XCBuildConfiguration;
			buildSettings = {
				ALWAYS_EMBED_SWIFT_STANDARD_LIBRARIES = YES;
				CODE_SIGN_STYLE = Automatic;
				INFOPLIST_FILE = PhotoUITests/Info.plist;
				LD_RUNPATH_SEARCH_PATHS = (
					"$(inherited)",
					"@executable_path/Frameworks",
					"@loader_path/Frameworks",
				);
				PRODUCT_BUNDLE_IDENTIFIER = com.almtar.PhotoUITests;
				PRODUCT_NAME = "$(TARGET_NAME)";
				SWIFT_VERSION = 5.0;
				TARGETED_DEVICE_FAMILY = "1,2";
				TEST_TARGET_NAME = Photo;
			};
			name = Debug;
		};
		54F0FA8622E8FCDF0065D99B /* Release */ = {
			isa = XCBuildConfiguration;
			buildSettings = {
				ALWAYS_EMBED_SWIFT_STANDARD_LIBRARIES = YES;
				CODE_SIGN_STYLE = Automatic;
				INFOPLIST_FILE = PhotoUITests/Info.plist;
				LD_RUNPATH_SEARCH_PATHS = (
					"$(inherited)",
					"@executable_path/Frameworks",
					"@loader_path/Frameworks",
				);
				PRODUCT_BUNDLE_IDENTIFIER = com.almtar.PhotoUITests;
				PRODUCT_NAME = "$(TARGET_NAME)";
				SWIFT_VERSION = 5.0;
				TARGETED_DEVICE_FAMILY = "1,2";
				TEST_TARGET_NAME = Photo;
			};
			name = Release;
		};
/* End XCBuildConfiguration section */

/* Begin XCConfigurationList section */
		54F0FA5122E8FCDD0065D99B /* Build configuration list for PBXProject "Photo" */ = {
			isa = XCConfigurationList;
			buildConfigurations = (
				54F0FA7C22E8FCDF0065D99B /* Debug */,
				54F0FA7D22E8FCDF0065D99B /* Release */,
			);
			defaultConfigurationIsVisible = 0;
			defaultConfigurationName = Release;
		};
		54F0FA7E22E8FCDF0065D99B /* Build configuration list for PBXNativeTarget "Photo" */ = {
			isa = XCConfigurationList;
			buildConfigurations = (
				54F0FA7F22E8FCDF0065D99B /* Debug */,
				54F0FA8022E8FCDF0065D99B /* Release */,
			);
			defaultConfigurationIsVisible = 0;
			defaultConfigurationName = Release;
		};
		54F0FA8122E8FCDF0065D99B /* Build configuration list for PBXNativeTarget "PhotoTests" */ = {
			isa = XCConfigurationList;
			buildConfigurations = (
				54F0FA8222E8FCDF0065D99B /* Debug */,
				54F0FA8322E8FCDF0065D99B /* Release */,
			);
			defaultConfigurationIsVisible = 0;
			defaultConfigurationName = Release;
		};
		54F0FA8422E8FCDF0065D99B /* Build configuration list for PBXNativeTarget "PhotoUITests" */ = {
			isa = XCConfigurationList;
			buildConfigurations = (
				54F0FA8522E8FCDF0065D99B /* Debug */,
				54F0FA8622E8FCDF0065D99B /* Release */,
			);
			defaultConfigurationIsVisible = 0;
			defaultConfigurationName = Release;
		};
/* End XCConfigurationList section */
	};
	rootObject = 54F0FA4E22E8FCDD0065D99B /* Project object */;
}
